// !$*UTF8*$!
{
	archiveVersion = 1;
	classes = {
	};
	objectVersion = 50;
	objects = {

/* Begin PBXBuildFile section */
		C62B700423DAFFBD00BC4E1F /* CurrencyModel.swift in Sources */ = {isa = PBXBuildFile; fileRef = C62B700323DAFFBD00BC4E1F /* CurrencyModel.swift */; };
		C694902A23D994F4008E4031 /* AppDelegate.swift in Sources */ = {isa = PBXBuildFile; fileRef = C694902923D994F4008E4031 /* AppDelegate.swift */; };
		C694902E23D994F4008E4031 /* ViewController.swift in Sources */ = {isa = PBXBuildFile; fileRef = C694902D23D994F4008E4031 /* ViewController.swift */; };
		C694903123D994F4008E4031 /* Main.storyboard in Resources */ = {isa = PBXBuildFile; fileRef = C694902F23D994F4008E4031 /* Main.storyboard */; };
		C694903323D994F6008E4031 /* Assets.xcassets in Resources */ = {isa = PBXBuildFile; fileRef = C694903223D994F6008E4031 /* Assets.xcassets */; };
		C694903623D994F6008E4031 /* LaunchScreen.storyboard in Resources */ = {isa = PBXBuildFile; fileRef = C694903423D994F6008E4031 /* LaunchScreen.storyboard */; };
		C694904123D9F0C5008E4031 /* AFError.swift in Sources */ = {isa = PBXBuildFile; fileRef = C694904023D9F0C5008E4031 /* AFError.swift */; };
		C694904923D9F0CE008E4031 /* DispatchQueue+Alamofire.swift in Sources */ = {isa = PBXBuildFile; fileRef = C694904223D9F0CD008E4031 /* DispatchQueue+Alamofire.swift */; };
		C694904A23D9F0CE008E4031 /* Alamofire.swift in Sources */ = {isa = PBXBuildFile; fileRef = C694904323D9F0CD008E4031 /* Alamofire.swift */; };
		C694904B23D9F0CE008E4031 /* EventMonitor.swift in Sources */ = {isa = PBXBuildFile; fileRef = C694904423D9F0CD008E4031 /* EventMonitor.swift */; };
		C694904C23D9F0CE008E4031 /* HTTPMethod.swift in Sources */ = {isa = PBXBuildFile; fileRef = C694904523D9F0CD008E4031 /* HTTPMethod.swift */; };
		C694904D23D9F0CE008E4031 /* AlamofireExtended.swift in Sources */ = {isa = PBXBuildFile; fileRef = C694904623D9F0CD008E4031 /* AlamofireExtended.swift */; };
		C694904E23D9F0CE008E4031 /* HTTPHeaders.swift in Sources */ = {isa = PBXBuildFile; fileRef = C694904723D9F0CE008E4031 /* HTTPHeaders.swift */; };
		C694904F23D9F0CE008E4031 /* CachedResponseHandler.swift in Sources */ = {isa = PBXBuildFile; fileRef = C694904823D9F0CE008E4031 /* CachedResponseHandler.swift */; };
		C694906823D9F0D9008E4031 /* URLEncodedFormEncoder.swift in Sources */ = {isa = PBXBuildFile; fileRef = C694905023D9F0D6008E4031 /* URLEncodedFormEncoder.swift */; };
		C694906923D9F0D9008E4031 /* Protector.swift in Sources */ = {isa = PBXBuildFile; fileRef = C694905123D9F0D6008E4031 /* Protector.swift */; };
		C694906A23D9F0D9008E4031 /* URLRequest+Alamofire.swift in Sources */ = {isa = PBXBuildFile; fileRef = C694905223D9F0D7008E4031 /* URLRequest+Alamofire.swift */; };
		C694906B23D9F0D9008E4031 /* MultipartFormData.swift in Sources */ = {isa = PBXBuildFile; fileRef = C694905323D9F0D7008E4031 /* MultipartFormData.swift */; };
		C694906C23D9F0D9008E4031 /* RedirectHandler.swift in Sources */ = {isa = PBXBuildFile; fileRef = C694905423D9F0D7008E4031 /* RedirectHandler.swift */; };
		C694906D23D9F0D9008E4031 /* ServerTrustEvaluation.swift in Sources */ = {isa = PBXBuildFile; fileRef = C694905523D9F0D7008E4031 /* ServerTrustEvaluation.swift */; };
		C694906E23D9F0D9008E4031 /* Request.swift in Sources */ = {isa = PBXBuildFile; fileRef = C694905623D9F0D7008E4031 /* Request.swift */; };
		C694906F23D9F0D9008E4031 /* Result+Alamofire.swift in Sources */ = {isa = PBXBuildFile; fileRef = C694905723D9F0D7008E4031 /* Result+Alamofire.swift */; };
		C694907023D9F0D9008E4031 /* URLConvertible+URLRequestConvertible.swift in Sources */ = {isa = PBXBuildFile; fileRef = C694905823D9F0D7008E4031 /* URLConvertible+URLRequestConvertible.swift */; };
		C694907123D9F0D9008E4031 /* Validation.swift in Sources */ = {isa = PBXBuildFile; fileRef = C694905923D9F0D7008E4031 /* Validation.swift */; };
		C694907223D9F0D9008E4031 /* URLSessionConfiguration+Alamofire.swift in Sources */ = {isa = PBXBuildFile; fileRef = C694905A23D9F0D7008E4031 /* URLSessionConfiguration+Alamofire.swift */; };
		C694907323D9F0D9008E4031 /* SessionDelegate.swift in Sources */ = {isa = PBXBuildFile; fileRef = C694905B23D9F0D7008E4031 /* SessionDelegate.swift */; };
		C694907423D9F0D9008E4031 /* OperationQueue+Alamofire.swift in Sources */ = {isa = PBXBuildFile; fileRef = C694905C23D9F0D8008E4031 /* OperationQueue+Alamofire.swift */; };
		C694907523D9F0D9008E4031 /* RequestTaskMap.swift in Sources */ = {isa = PBXBuildFile; fileRef = C694905D23D9F0D8008E4031 /* RequestTaskMap.swift */; };
		C694907623D9F0D9008E4031 /* ParameterEncoder.swift in Sources */ = {isa = PBXBuildFile; fileRef = C694905E23D9F0D8008E4031 /* ParameterEncoder.swift */; };
		C694907723D9F0D9008E4031 /* RequestInterceptor.swift in Sources */ = {isa = PBXBuildFile; fileRef = C694905F23D9F0D8008E4031 /* RequestInterceptor.swift */; };
		C694907823D9F0D9008E4031 /* NetworkReachabilityManager.swift in Sources */ = {isa = PBXBuildFile; fileRef = C694906023D9F0D8008E4031 /* NetworkReachabilityManager.swift */; };
		C694907923D9F0D9008E4031 /* RetryPolicy.swift in Sources */ = {isa = PBXBuildFile; fileRef = C694906123D9F0D8008E4031 /* RetryPolicy.swift */; };
		C694907A23D9F0D9008E4031 /* Notifications.swift in Sources */ = {isa = PBXBuildFile; fileRef = C694906223D9F0D8008E4031 /* Notifications.swift */; };
		C694907B23D9F0D9008E4031 /* ResponseSerialization.swift in Sources */ = {isa = PBXBuildFile; fileRef = C694906323D9F0D8008E4031 /* ResponseSerialization.swift */; };
		C694907C23D9F0D9008E4031 /* MultipartUpload.swift in Sources */ = {isa = PBXBuildFile; fileRef = C694906423D9F0D8008E4031 /* MultipartUpload.swift */; };
		C694907D23D9F0D9008E4031 /* Session.swift in Sources */ = {isa = PBXBuildFile; fileRef = C694906523D9F0D9008E4031 /* Session.swift */; };
		C694907E23D9F0D9008E4031 /* ParameterEncoding.swift in Sources */ = {isa = PBXBuildFile; fileRef = C694906623D9F0D9008E4031 /* ParameterEncoding.swift */; };
		C694907F23D9F0D9008E4031 /* Response.swift in Sources */ = {isa = PBXBuildFile; fileRef = C694906723D9F0D9008E4031 /* Response.swift */; };
		C694908223DA066E008E4031 /* Shabnam-Bold-FD.ttf in Resources */ = {isa = PBXBuildFile; fileRef = C694908123DA066E008E4031 /* Shabnam-Bold-FD.ttf */; };
		C694908723DA0697008E4031 /* Shabnam-Thin-FD.ttf in Resources */ = {isa = PBXBuildFile; fileRef = C694908323DA0697008E4031 /* Shabnam-Thin-FD.ttf */; };
		C694908823DA0697008E4031 /* Shabnam-Medium-FD.ttf in Resources */ = {isa = PBXBuildFile; fileRef = C694908423DA0697008E4031 /* Shabnam-Medium-FD.ttf */; };
		C694908923DA0697008E4031 /* Shabnam-FD.ttf in Resources */ = {isa = PBXBuildFile; fileRef = C694908523DA0697008E4031 /* Shabnam-FD.ttf */; };
		C694908A23DA0697008E4031 /* Shabnam-Light-FD.ttf in Resources */ = {isa = PBXBuildFile; fileRef = C694908623DA0697008E4031 /* Shabnam-Light-FD.ttf */; };
		C694908C23DA12B3008E4031 /* Helper.swift in Sources */ = {isa = PBXBuildFile; fileRef = C694908B23DA12B3008E4031 /* Helper.swift */; };
		C694908E23DA136D008E4031 /* CardView.swift in Sources */ = {isa = PBXBuildFile; fileRef = C694908D23DA136D008E4031 /* CardView.swift */; };
		C694909023DA13BB008E4031 /* ContainerVC.swift in Sources */ = {isa = PBXBuildFile; fileRef = C694908F23DA13BB008E4031 /* ContainerVC.swift */; };
		C694909323DA1774008E4031 /* CurrencyCell.swift in Sources */ = {isa = PBXBuildFile; fileRef = C694909223DA1774008E4031 /* CurrencyCell.swift */; };
/* End PBXBuildFile section */

/* Begin PBXFileReference section */
		C62B700323DAFFBD00BC4E1F /* CurrencyModel.swift */ = {isa = PBXFileReference; fileEncoding = 4; lastKnownFileType = sourcecode.swift; path = CurrencyModel.swift; sourceTree = "<group>"; };
		C694902623D994F4008E4031 /* Sarrafi.app */ = {isa = PBXFileReference; explicitFileType = wrapper.application; includeInIndex = 0; path = Sarrafi.app; sourceTree = BUILT_PRODUCTS_DIR; };
		C694902923D994F4008E4031 /* AppDelegate.swift */ = {isa = PBXFileReference; lastKnownFileType = sourcecode.swift; path = AppDelegate.swift; sourceTree = "<group>"; };
		C694902D23D994F4008E4031 /* ViewController.swift */ = {isa = PBXFileReference; lastKnownFileType = sourcecode.swift; path = ViewController.swift; sourceTree = "<group>"; };
		C694903023D994F4008E4031 /* Base */ = {isa = PBXFileReference; lastKnownFileType = file.storyboard; name = Base; path = Base.lproj/Main.storyboard; sourceTree = "<group>"; };
		C694903223D994F6008E4031 /* Assets.xcassets */ = {isa = PBXFileReference; lastKnownFileType = folder.assetcatalog; path = Assets.xcassets; sourceTree = "<group>"; };
		C694903523D994F6008E4031 /* Base */ = {isa = PBXFileReference; lastKnownFileType = file.storyboard; name = Base; path = Base.lproj/LaunchScreen.storyboard; sourceTree = "<group>"; };
		C694903723D994F6008E4031 /* Info.plist */ = {isa = PBXFileReference; lastKnownFileType = text.plist.xml; path = Info.plist; sourceTree = "<group>"; };
		C694904023D9F0C5008E4031 /* AFError.swift */ = {isa = PBXFileReference; fileEncoding = 4; lastKnownFileType = sourcecode.swift; path = AFError.swift; sourceTree = "<group>"; };
		C694904223D9F0CD008E4031 /* DispatchQueue+Alamofire.swift */ = {isa = PBXFileReference; fileEncoding = 4; lastKnownFileType = sourcecode.swift; path = "DispatchQueue+Alamofire.swift"; sourceTree = "<group>"; };
		C694904323D9F0CD008E4031 /* Alamofire.swift */ = {isa = PBXFileReference; fileEncoding = 4; lastKnownFileType = sourcecode.swift; path = Alamofire.swift; sourceTree = "<group>"; };
		C694904423D9F0CD008E4031 /* EventMonitor.swift */ = {isa = PBXFileReference; fileEncoding = 4; lastKnownFileType = sourcecode.swift; path = EventMonitor.swift; sourceTree = "<group>"; };
		C694904523D9F0CD008E4031 /* HTTPMethod.swift */ = {isa = PBXFileReference; fileEncoding = 4; lastKnownFileType = sourcecode.swift; path = HTTPMethod.swift; sourceTree = "<group>"; };
		C694904623D9F0CD008E4031 /* AlamofireExtended.swift */ = {isa = PBXFileReference; fileEncoding = 4; lastKnownFileType = sourcecode.swift; path = AlamofireExtended.swift; sourceTree = "<group>"; };
		C694904723D9F0CE008E4031 /* HTTPHeaders.swift */ = {isa = PBXFileReference; fileEncoding = 4; lastKnownFileType = sourcecode.swift; path = HTTPHeaders.swift; sourceTree = "<group>"; };
		C694904823D9F0CE008E4031 /* CachedResponseHandler.swift */ = {isa = PBXFileReference; fileEncoding = 4; lastKnownFileType = sourcecode.swift; path = CachedResponseHandler.swift; sourceTree = "<group>"; };
		C694905023D9F0D6008E4031 /* URLEncodedFormEncoder.swift */ = {isa = PBXFileReference; fileEncoding = 4; lastKnownFileType = sourcecode.swift; path = URLEncodedFormEncoder.swift; sourceTree = "<group>"; };
		C694905123D9F0D6008E4031 /* Protector.swift */ = {isa = PBXFileReference; fileEncoding = 4; lastKnownFileType = sourcecode.swift; path = Protector.swift; sourceTree = "<group>"; };
		C694905223D9F0D7008E4031 /* URLRequest+Alamofire.swift */ = {isa = PBXFileReference; fileEncoding = 4; lastKnownFileType = sourcecode.swift; path = "URLRequest+Alamofire.swift"; sourceTree = "<group>"; };
		C694905323D9F0D7008E4031 /* MultipartFormData.swift */ = {isa = PBXFileReference; fileEncoding = 4; lastKnownFileType = sourcecode.swift; path = MultipartFormData.swift; sourceTree = "<group>"; };
		C694905423D9F0D7008E4031 /* RedirectHandler.swift */ = {isa = PBXFileReference; fileEncoding = 4; lastKnownFileType = sourcecode.swift; path = RedirectHandler.swift; sourceTree = "<group>"; };
		C694905523D9F0D7008E4031 /* ServerTrustEvaluation.swift */ = {isa = PBXFileReference; fileEncoding = 4; lastKnownFileType = sourcecode.swift; path = ServerTrustEvaluation.swift; sourceTree = "<group>"; };
		C694905623D9F0D7008E4031 /* Request.swift */ = {isa = PBXFileReference; fileEncoding = 4; lastKnownFileType = sourcecode.swift; path = Request.swift; sourceTree = "<group>"; };
		C694905723D9F0D7008E4031 /* Result+Alamofire.swift */ = {isa = PBXFileReference; fileEncoding = 4; lastKnownFileType = sourcecode.swift; path = "Result+Alamofire.swift"; sourceTree = "<group>"; };
		C694905823D9F0D7008E4031 /* URLConvertible+URLRequestConvertible.swift */ = {isa = PBXFileReference; fileEncoding = 4; lastKnownFileType = sourcecode.swift; path = "URLConvertible+URLRequestConvertible.swift"; sourceTree = "<group>"; };
		C694905923D9F0D7008E4031 /* Validation.swift */ = {isa = PBXFileReference; fileEncoding = 4; lastKnownFileType = sourcecode.swift; path = Validation.swift; sourceTree = "<group>"; };
		C694905A23D9F0D7008E4031 /* URLSessionConfiguration+Alamofire.swift */ = {isa = PBXFileReference; fileEncoding = 4; lastKnownFileType = sourcecode.swift; path = "URLSessionConfiguration+Alamofire.swift"; sourceTree = "<group>"; };
		C694905B23D9F0D7008E4031 /* SessionDelegate.swift */ = {isa = PBXFileReference; fileEncoding = 4; lastKnownFileType = sourcecode.swift; path = SessionDelegate.swift; sourceTree = "<group>"; };
		C694905C23D9F0D8008E4031 /* OperationQueue+Alamofire.swift */ = {isa = PBXFileReference; fileEncoding = 4; lastKnownFileType = sourcecode.swift; path = "OperationQueue+Alamofire.swift"; sourceTree = "<group>"; };
		C694905D23D9F0D8008E4031 /* RequestTaskMap.swift */ = {isa = PBXFileReference; fileEncoding = 4; lastKnownFileType = sourcecode.swift; path = RequestTaskMap.swift; sourceTree = "<group>"; };
		C694905E23D9F0D8008E4031 /* ParameterEncoder.swift */ = {isa = PBXFileReference; fileEncoding = 4; lastKnownFileType = sourcecode.swift; path = ParameterEncoder.swift; sourceTree = "<group>"; };
		C694905F23D9F0D8008E4031 /* RequestInterceptor.swift */ = {isa = PBXFileReference; fileEncoding = 4; lastKnownFileType = sourcecode.swift; path = RequestInterceptor.swift; sourceTree = "<group>"; };
		C694906023D9F0D8008E4031 /* NetworkReachabilityManager.swift */ = {isa = PBXFileReference; fileEncoding = 4; lastKnownFileType = sourcecode.swift; path = NetworkReachabilityManager.swift; sourceTree = "<group>"; };
		C694906123D9F0D8008E4031 /* RetryPolicy.swift */ = {isa = PBXFileReference; fileEncoding = 4; lastKnownFileType = sourcecode.swift; path = RetryPolicy.swift; sourceTree = "<group>"; };
		C694906223D9F0D8008E4031 /* Notifications.swift */ = {isa = PBXFileReference; fileEncoding = 4; lastKnownFileType = sourcecode.swift; path = Notifications.swift; sourceTree = "<group>"; };
		C694906323D9F0D8008E4031 /* ResponseSerialization.swift */ = {isa = PBXFileReference; fileEncoding = 4; lastKnownFileType = sourcecode.swift; path = ResponseSerialization.swift; sourceTree = "<group>"; };
		C694906423D9F0D8008E4031 /* MultipartUpload.swift */ = {isa = PBXFileReference; fileEncoding = 4; lastKnownFileType = sourcecode.swift; path = MultipartUpload.swift; sourceTree = "<group>"; };
		C694906523D9F0D9008E4031 /* Session.swift */ = {isa = PBXFileReference; fileEncoding = 4; lastKnownFileType = sourcecode.swift; path = Session.swift; sourceTree = "<group>"; };
		C694906623D9F0D9008E4031 /* ParameterEncoding.swift */ = {isa = PBXFileReference; fileEncoding = 4; lastKnownFileType = sourcecode.swift; path = ParameterEncoding.swift; sourceTree = "<group>"; };
		C694906723D9F0D9008E4031 /* Response.swift */ = {isa = PBXFileReference; fileEncoding = 4; lastKnownFileType = sourcecode.swift; path = Response.swift; sourceTree = "<group>"; };
		C694908123DA066E008E4031 /* Shabnam-Bold-FD.ttf */ = {isa = PBXFileReference; lastKnownFileType = file; path = "Shabnam-Bold-FD.ttf"; sourceTree = "<group>"; };
		C694908323DA0697008E4031 /* Shabnam-Thin-FD.ttf */ = {isa = PBXFileReference; lastKnownFileType = file; path = "Shabnam-Thin-FD.ttf"; sourceTree = "<group>"; };
		C694908423DA0697008E4031 /* Shabnam-Medium-FD.ttf */ = {isa = PBXFileReference; lastKnownFileType = file; path = "Shabnam-Medium-FD.ttf"; sourceTree = "<group>"; };
		C694908523DA0697008E4031 /* Shabnam-FD.ttf */ = {isa = PBXFileReference; lastKnownFileType = file; path = "Shabnam-FD.ttf"; sourceTree = "<group>"; };
		C694908623DA0697008E4031 /* Shabnam-Light-FD.ttf */ = {isa = PBXFileReference; lastKnownFileType = file; path = "Shabnam-Light-FD.ttf"; sourceTree = "<group>"; };
		C694908B23DA12B3008E4031 /* Helper.swift */ = {isa = PBXFileReference; lastKnownFileType = sourcecode.swift; path = Helper.swift; sourceTree = "<group>"; };
		C694908D23DA136D008E4031 /* CardView.swift */ = {isa = PBXFileReference; fileEncoding = 4; lastKnownFileType = sourcecode.swift; path = CardView.swift; sourceTree = "<group>"; };
		C694908F23DA13BB008E4031 /* ContainerVC.swift */ = {isa = PBXFileReference; fileEncoding = 4; lastKnownFileType = sourcecode.swift; path = ContainerVC.swift; sourceTree = "<group>"; };
		C694909223DA1774008E4031 /* CurrencyCell.swift */ = {isa = PBXFileReference; lastKnownFileType = sourcecode.swift; path = CurrencyCell.swift; sourceTree = "<group>"; };
/* End PBXFileReference section */

/* Begin PBXFrameworksBuildPhase section */
		C694902323D994F4008E4031 /* Frameworks */ = {
			isa = PBXFrameworksBuildPhase;
			buildActionMask = 2147483647;
			files = (
			);
			runOnlyForDeploymentPostprocessing = 0;
		};
/* End PBXFrameworksBuildPhase section */

/* Begin PBXGroup section */
		C62B700223DAFFAA00BC4E1F /* Model */ = {
			isa = PBXGroup;
			children = (
				C62B700323DAFFBD00BC4E1F /* CurrencyModel.swift */,
			);
			path = Model;
			sourceTree = "<group>";
		};
		C694901D23D994F4008E4031 = {
			isa = PBXGroup;
			children = (
				C694902823D994F4008E4031 /* Sarrafi */,
				C694902723D994F4008E4031 /* Products */,
			);
			sourceTree = "<group>";
		};
		C694902723D994F4008E4031 /* Products */ = {
			isa = PBXGroup;
			children = (
				C694902623D994F4008E4031 /* Sarrafi.app */,
			);
			name = Products;
			sourceTree = "<group>";
		};
		C694902823D994F4008E4031 /* Sarrafi */ = {
			isa = PBXGroup;
			children = (
				C694903D23D9F0A9008E4031 /* Controller */,
				C694903E23D9F0B0008E4031 /* Extensions */,
				C62B700223DAFFAA00BC4E1F /* Model */,
				C694909123DA173F008E4031 /* View */,
				C694902923D994F4008E4031 /* AppDelegate.swift */,
				C694902D23D994F4008E4031 /* ViewController.swift */,
				C694902F23D994F4008E4031 /* Main.storyboard */,
				C694903223D994F6008E4031 /* Assets.xcassets */,
				C694903423D994F6008E4031 /* LaunchScreen.storyboard */,
				C694903723D994F6008E4031 /* Info.plist */,
			);
			path = Sarrafi;
			sourceTree = "<group>";
		};
		C694903D23D9F0A9008E4031 /* Controller */ = {
			isa = PBXGroup;
			children = (
				C694908F23DA13BB008E4031 /* ContainerVC.swift */,
			);
			path = Controller;
			sourceTree = "<group>";
		};
		C694903E23D9F0B0008E4031 /* Extensions */ = {
			isa = PBXGroup;
			children = (
				C694903F23D9F0B7008E4031 /* Alamofire */,
				C694908023DA061C008E4031 /* Fonts */,
				C694908D23DA136D008E4031 /* CardView.swift */,
				C694908B23DA12B3008E4031 /* Helper.swift */,
			);
			path = Extensions;
			sourceTree = "<group>";
		};
		C694903F23D9F0B7008E4031 /* Alamofire */ = {
			isa = PBXGroup;
			children = (
				C694904023D9F0C5008E4031 /* AFError.swift */,
				C694904323D9F0CD008E4031 /* Alamofire.swift */,
				C694904623D9F0CD008E4031 /* AlamofireExtended.swift */,
				C694904823D9F0CE008E4031 /* CachedResponseHandler.swift */,
				C694904223D9F0CD008E4031 /* DispatchQueue+Alamofire.swift */,
				C694904423D9F0CD008E4031 /* EventMonitor.swift */,
				C694904723D9F0CE008E4031 /* HTTPHeaders.swift */,
				C694904523D9F0CD008E4031 /* HTTPMethod.swift */,
				C694905323D9F0D7008E4031 /* MultipartFormData.swift */,
				C694906423D9F0D8008E4031 /* MultipartUpload.swift */,
				C694906023D9F0D8008E4031 /* NetworkReachabilityManager.swift */,
				C694906223D9F0D8008E4031 /* Notifications.swift */,
				C694905C23D9F0D8008E4031 /* OperationQueue+Alamofire.swift */,
				C694905E23D9F0D8008E4031 /* ParameterEncoder.swift */,
				C694906623D9F0D9008E4031 /* ParameterEncoding.swift */,
				C694905123D9F0D6008E4031 /* Protector.swift */,
				C694905423D9F0D7008E4031 /* RedirectHandler.swift */,
				C694905623D9F0D7008E4031 /* Request.swift */,
				C694905F23D9F0D8008E4031 /* RequestInterceptor.swift */,
				C694905D23D9F0D8008E4031 /* RequestTaskMap.swift */,
				C694906723D9F0D9008E4031 /* Response.swift */,
				C694906323D9F0D8008E4031 /* ResponseSerialization.swift */,
				C694905723D9F0D7008E4031 /* Result+Alamofire.swift */,
				C694906123D9F0D8008E4031 /* RetryPolicy.swift */,
				C694905523D9F0D7008E4031 /* ServerTrustEvaluation.swift */,
				C694906523D9F0D9008E4031 /* Session.swift */,
				C694905B23D9F0D7008E4031 /* SessionDelegate.swift */,
				C694905823D9F0D7008E4031 /* URLConvertible+URLRequestConvertible.swift */,
				C694905023D9F0D6008E4031 /* URLEncodedFormEncoder.swift */,
				C694905223D9F0D7008E4031 /* URLRequest+Alamofire.swift */,
				C694905A23D9F0D7008E4031 /* URLSessionConfiguration+Alamofire.swift */,
				C694905923D9F0D7008E4031 /* Validation.swift */,
			);
			path = Alamofire;
			sourceTree = "<group>";
		};
		C694908023DA061C008E4031 /* Fonts */ = {
			isa = PBXGroup;
			children = (
				C694908323DA0697008E4031 /* Shabnam-Thin-FD.ttf */,
				C694908623DA0697008E4031 /* Shabnam-Light-FD.ttf */,
				C694908523DA0697008E4031 /* Shabnam-FD.ttf */,
				C694908423DA0697008E4031 /* Shabnam-Medium-FD.ttf */,
				C694908123DA066E008E4031 /* Shabnam-Bold-FD.ttf */,
			);
			path = Fonts;
			sourceTree = "<group>";
		};
		C694909123DA173F008E4031 /* View */ = {
			isa = PBXGroup;
			children = (
				C694909223DA1774008E4031 /* CurrencyCell.swift */,
			);
			path = View;
			sourceTree = "<group>";
		};
/* End PBXGroup section */

/* Begin PBXNativeTarget section */
		C694902523D994F4008E4031 /* Sarrafi */ = {
			isa = PBXNativeTarget;
			buildConfigurationList = C694903A23D994F6008E4031 /* Build configuration list for PBXNativeTarget "Sarrafi" */;
			buildPhases = (
				C694902223D994F4008E4031 /* Sources */,
				C694902323D994F4008E4031 /* Frameworks */,
				C694902423D994F4008E4031 /* Resources */,
			);
			buildRules = (
			);
			dependencies = (
			);
			name = Sarrafi;
			productName = Sarrafi;
			productReference = C694902623D994F4008E4031 /* Sarrafi.app */;
			productType = "com.apple.product-type.application";
		};
/* End PBXNativeTarget section */

/* Begin PBXProject section */
		C694901E23D994F4008E4031 /* Project object */ = {
			isa = PBXProject;
			attributes = {
				LastSwiftUpdateCheck = 1130;
				LastUpgradeCheck = 1130;
				ORGANIZATIONNAME = shalchian;
				TargetAttributes = {
					C694902523D994F4008E4031 = {
						CreatedOnToolsVersion = 11.3;
					};
				};
			};
			buildConfigurationList = C694902123D994F4008E4031 /* Build configuration list for PBXProject "Sarrafi" */;
			compatibilityVersion = "Xcode 9.3";
			developmentRegion = en;
			hasScannedForEncodings = 0;
			knownRegions = (
				en,
				Base,
			);
			mainGroup = C694901D23D994F4008E4031;
			productRefGroup = C694902723D994F4008E4031 /* Products */;
			projectDirPath = "";
			projectRoot = "";
			targets = (
				C694902523D994F4008E4031 /* Sarrafi */,
			);
		};
/* End PBXProject section */

/* Begin PBXResourcesBuildPhase section */
		C694902423D994F4008E4031 /* Resources */ = {
			isa = PBXResourcesBuildPhase;
			buildActionMask = 2147483647;
			files = (
				C694903623D994F6008E4031 /* LaunchScreen.storyboard in Resources */,
				C694903323D994F6008E4031 /* Assets.xcassets in Resources */,
				C694908723DA0697008E4031 /* Shabnam-Thin-FD.ttf in Resources */,
				C694908923DA0697008E4031 /* Shabnam-FD.ttf in Resources */,
				C694908223DA066E008E4031 /* Shabnam-Bold-FD.ttf in Resources */,
				C694908823DA0697008E4031 /* Shabnam-Medium-FD.ttf in Resources */,
				C694908A23DA0697008E4031 /* Shabnam-Light-FD.ttf in Resources */,
				C694903123D994F4008E4031 /* Main.storyboard in Resources */,
			);
			runOnlyForDeploymentPostprocessing = 0;
		};
/* End PBXResourcesBuildPhase section */

/* Begin PBXSourcesBuildPhase section */
		C694902223D994F4008E4031 /* Sources */ = {
			isa = PBXSourcesBuildPhase;
			buildActionMask = 2147483647;
			files = (
				C694904E23D9F0CE008E4031 /* HTTPHeaders.swift in Sources */,
				C694907823D9F0D9008E4031 /* NetworkReachabilityManager.swift in Sources */,
				C694907A23D9F0D9008E4031 /* Notifications.swift in Sources */,
				C694904923D9F0CE008E4031 /* DispatchQueue+Alamofire.swift in Sources */,
				C694906B23D9F0D9008E4031 /* MultipartFormData.swift in Sources */,
				C694906A23D9F0D9008E4031 /* URLRequest+Alamofire.swift in Sources */,
				C694904A23D9F0CE008E4031 /* Alamofire.swift in Sources */,
				C694906823D9F0D9008E4031 /* URLEncodedFormEncoder.swift in Sources */,
				C62B700423DAFFBD00BC4E1F /* CurrencyModel.swift in Sources */,
				C694904C23D9F0CE008E4031 /* HTTPMethod.swift in Sources */,
				C694906E23D9F0D9008E4031 /* Request.swift in Sources */,
				C694908E23DA136D008E4031 /* CardView.swift in Sources */,
				C694906D23D9F0D9008E4031 /* ServerTrustEvaluation.swift in Sources */,
				C694904D23D9F0CE008E4031 /* AlamofireExtended.swift in Sources */,
				C694907D23D9F0D9008E4031 /* Session.swift in Sources */,
				C694902E23D994F4008E4031 /* ViewController.swift in Sources */,
				C694907B23D9F0D9008E4031 /* ResponseSerialization.swift in Sources */,
				C694907023D9F0D9008E4031 /* URLConvertible+URLRequestConvertible.swift in Sources */,
				C694906F23D9F0D9008E4031 /* Result+Alamofire.swift in Sources */,
				C694907C23D9F0D9008E4031 /* MultipartUpload.swift in Sources */,
				C694907623D9F0D9008E4031 /* ParameterEncoder.swift in Sources */,
				C694907223D9F0D9008E4031 /* URLSessionConfiguration+Alamofire.swift in Sources */,
				C694907F23D9F0D9008E4031 /* Response.swift in Sources */,
				C694909323DA1774008E4031 /* CurrencyCell.swift in Sources */,
				C694904B23D9F0CE008E4031 /* EventMonitor.swift in Sources */,
				C694908C23DA12B3008E4031 /* Helper.swift in Sources */,
				C694906923D9F0D9008E4031 /* Protector.swift in Sources */,
				C694909023DA13BB008E4031 /* ContainerVC.swift in Sources */,
				C694907723D9F0D9008E4031 /* RequestInterceptor.swift in Sources */,
				C694904F23D9F0CE008E4031 /* CachedResponseHandler.swift in Sources */,
				C694907523D9F0D9008E4031 /* RequestTaskMap.swift in Sources */,
				C694906C23D9F0D9008E4031 /* RedirectHandler.swift in Sources */,
				C694907923D9F0D9008E4031 /* RetryPolicy.swift in Sources */,
				C694907E23D9F0D9008E4031 /* ParameterEncoding.swift in Sources */,
				C694902A23D994F4008E4031 /* AppDelegate.swift in Sources */,
				C694907423D9F0D9008E4031 /* OperationQueue+Alamofire.swift in Sources */,
				C694907123D9F0D9008E4031 /* Validation.swift in Sources */,
				C694904123D9F0C5008E4031 /* AFError.swift in Sources */,
				C694907323D9F0D9008E4031 /* SessionDelegate.swift in Sources */,
			);
			runOnlyForDeploymentPostprocessing = 0;
		};
/* End PBXSourcesBuildPhase section */

/* Begin PBXVariantGroup section */
		C694902F23D994F4008E4031 /* Main.storyboard */ = {
			isa = PBXVariantGroup;
			children = (
				C694903023D994F4008E4031 /* Base */,
			);
			name = Main.storyboard;
			sourceTree = "<group>";
		};
		C694903423D994F6008E4031 /* LaunchScreen.storyboard */ = {
			isa = PBXVariantGroup;
			children = (
				C694903523D994F6008E4031 /* Base */,
			);
			name = LaunchScreen.storyboard;
			sourceTree = "<group>";
		};
/* End PBXVariantGroup section */

/* Begin XCBuildConfiguration section */
		C694903823D994F6008E4031 /* Debug */ = {
			isa = XCBuildConfiguration;
			buildSettings = {
				ALWAYS_SEARCH_USER_PATHS = NO;
				CLANG_ANALYZER_NONNULL = YES;
				CLANG_ANALYZER_NUMBER_OBJECT_CONVERSION = YES_AGGRESSIVE;
				CLANG_CXX_LANGUAGE_STANDARD = "gnu++14";
				CLANG_CXX_LIBRARY = "libc++";
				CLANG_ENABLE_MODULES = YES;
				CLANG_ENABLE_OBJC_ARC = YES;
				CLANG_ENABLE_OBJC_WEAK = YES;
				CLANG_WARN_BLOCK_CAPTURE_AUTORELEASING = YES;
				CLANG_WARN_BOOL_CONVERSION = YES;
				CLANG_WARN_COMMA = YES;
				CLANG_WARN_CONSTANT_CONVERSION = YES;
				CLANG_WARN_DEPRECATED_OBJC_IMPLEMENTATIONS = YES;
				CLANG_WARN_DIRECT_OBJC_ISA_USAGE = YES_ERROR;
				CLANG_WARN_DOCUMENTATION_COMMENTS = YES;
				CLANG_WARN_EMPTY_BODY = YES;
				CLANG_WARN_ENUM_CONVERSION = YES;
				CLANG_WARN_INFINITE_RECURSION = YES;
				CLANG_WARN_INT_CONVERSION = YES;
				CLANG_WARN_NON_LITERAL_NULL_CONVERSION = YES;
				CLANG_WARN_OBJC_IMPLICIT_RETAIN_SELF = YES;
				CLANG_WARN_OBJC_LITERAL_CONVERSION = YES;
				CLANG_WARN_OBJC_ROOT_CLASS = YES_ERROR;
				CLANG_WARN_RANGE_LOOP_ANALYSIS = YES;
				CLANG_WARN_STRICT_PROTOTYPES = YES;
				CLANG_WARN_SUSPICIOUS_MOVE = YES;
				CLANG_WARN_UNGUARDED_AVAILABILITY = YES_AGGRESSIVE;
				CLANG_WARN_UNREACHABLE_CODE = YES;
				CLANG_WARN__DUPLICATE_METHOD_MATCH = YES;
				COPY_PHASE_STRIP = NO;
				DEBUG_INFORMATION_FORMAT = dwarf;
				ENABLE_STRICT_OBJC_MSGSEND = YES;
				ENABLE_TESTABILITY = YES;
				GCC_C_LANGUAGE_STANDARD = gnu11;
				GCC_DYNAMIC_NO_PIC = NO;
				GCC_NO_COMMON_BLOCKS = YES;
				GCC_OPTIMIZATION_LEVEL = 0;
				GCC_PREPROCESSOR_DEFINITIONS = (
					"DEBUG=1",
					"$(inherited)",
				);
				GCC_WARN_64_TO_32_BIT_CONVERSION = YES;
				GCC_WARN_ABOUT_RETURN_TYPE = YES_ERROR;
				GCC_WARN_UNDECLARED_SELECTOR = YES;
				GCC_WARN_UNINITIALIZED_AUTOS = YES_AGGRESSIVE;
				GCC_WARN_UNUSED_FUNCTION = YES;
				GCC_WARN_UNUSED_VARIABLE = YES;
				IPHONEOS_DEPLOYMENT_TARGET = 13.2;
				MTL_ENABLE_DEBUG_INFO = INCLUDE_SOURCE;
				MTL_FAST_MATH = YES;
				ONLY_ACTIVE_ARCH = YES;
				SDKROOT = iphoneos;
				SWIFT_ACTIVE_COMPILATION_CONDITIONS = DEBUG;
				SWIFT_OPTIMIZATION_LEVEL = "-Onone";
			};
			name = Debug;
		};
		C694903923D994F6008E4031 /* Release */ = {
			isa = XCBuildConfiguration;
			buildSettings = {
				ALWAYS_SEARCH_USER_PATHS = NO;
				CLANG_ANALYZER_NONNULL = YES;
				CLANG_ANALYZER_NUMBER_OBJECT_CONVERSION = YES_AGGRESSIVE;
				CLANG_CXX_LANGUAGE_STANDARD = "gnu++14";
				CLANG_CXX_LIBRARY = "libc++";
				CLANG_ENABLE_MODULES = YES;
				CLANG_ENABLE_OBJC_ARC = YES;
				CLANG_ENABLE_OBJC_WEAK = YES;
				CLANG_WARN_BLOCK_CAPTURE_AUTORELEASING = YES;
				CLANG_WARN_BOOL_CONVERSION = YES;
				CLANG_WARN_COMMA = YES;
				CLANG_WARN_CONSTANT_CONVERSION = YES;
				CLANG_WARN_DEPRECATED_OBJC_IMPLEMENTATIONS = YES;
				CLANG_WARN_DIRECT_OBJC_ISA_USAGE = YES_ERROR;
				CLANG_WARN_DOCUMENTATION_COMMENTS = YES;
				CLANG_WARN_EMPTY_BODY = YES;
				CLANG_WARN_ENUM_CONVERSION = YES;
				CLANG_WARN_INFINITE_RECURSION = YES;
				CLANG_WARN_INT_CONVERSION = YES;
				CLANG_WARN_NON_LITERAL_NULL_CONVERSION = YES;
				CLANG_WARN_OBJC_IMPLICIT_RETAIN_SELF = YES;
				CLANG_WARN_OBJC_LITERAL_CONVERSION = YES;
				CLANG_WARN_OBJC_ROOT_CLASS = YES_ERROR;
				CLANG_WARN_RANGE_LOOP_ANALYSIS = YES;
				CLANG_WARN_STRICT_PROTOTYPES = YES;
				CLANG_WARN_SUSPICIOUS_MOVE = YES;
				CLANG_WARN_UNGUARDED_AVAILABILITY = YES_AGGRESSIVE;
				CLANG_WARN_UNREACHABLE_CODE = YES;
				CLANG_WARN__DUPLICATE_METHOD_MATCH = YES;
				COPY_PHASE_STRIP = NO;
				DEBUG_INFORMATION_FORMAT = "dwarf-with-dsym";
				ENABLE_NS_ASSERTIONS = NO;
				ENABLE_STRICT_OBJC_MSGSEND = YES;
				GCC_C_LANGUAGE_STANDARD = gnu11;
				GCC_NO_COMMON_BLOCKS = YES;
				GCC_WARN_64_TO_32_BIT_CONVERSION = YES;
				GCC_WARN_ABOUT_RETURN_TYPE = YES_ERROR;
				GCC_WARN_UNDECLARED_SELECTOR = YES;
				GCC_WARN_UNINITIALIZED_AUTOS = YES_AGGRESSIVE;
				GCC_WARN_UNUSED_FUNCTION = YES;
				GCC_WARN_UNUSED_VARIABLE = YES;
				IPHONEOS_DEPLOYMENT_TARGET = 13.2;
				MTL_ENABLE_DEBUG_INFO = NO;
				MTL_FAST_MATH = YES;
				SDKROOT = iphoneos;
				SWIFT_COMPILATION_MODE = wholemodule;
				SWIFT_OPTIMIZATION_LEVEL = "-O";
				VALIDATE_PRODUCT = YES;
			};
			name = Release;
		};
		C694903B23D994F6008E4031 /* Debug */ = {
			isa = XCBuildConfiguration;
			buildSettings = {
				ASSETCATALOG_COMPILER_APPICON_NAME = AppIcon;
				CODE_SIGN_STYLE = Automatic;
				DEVELOPMENT_TEAM = L4C26EK8EJ;
				INFOPLIST_FILE = Sarrafi/Info.plist;
				IPHONEOS_DEPLOYMENT_TARGET = 11.0;
				LD_RUNPATH_SEARCH_PATHS = (
					"$(inherited)",
					"@executable_path/Frameworks",
				);
				PRODUCT_BUNDLE_IDENTIFIER = shalchian.com.Sarrafi;
				PRODUCT_NAME = "$(TARGET_NAME)";
				SWIFT_VERSION = 5.0;
				TARGETED_DEVICE_FAMILY = "1,2";
			};
			name = Debug;
		};
		C694903C23D994F6008E4031 /* Release */ = {
			isa = XCBuildConfiguration;
			buildSettings = {
				ASSETCATALOG_COMPILER_APPICON_NAME = AppIcon;
				CODE_SIGN_STYLE = Automatic;
				DEVELOPMENT_TEAM = L4C26EK8EJ;
				INFOPLIST_FILE = Sarrafi/Info.plist;
				IPHONEOS_DEPLOYMENT_TARGET = 11.0;
				LD_RUNPATH_SEARCH_PATHS = (
					"$(inherited)",
					"@executable_path/Frameworks",
				);
				PRODUCT_BUNDLE_IDENTIFIER = shalchian.com.Sarrafi;
				PRODUCT_NAME = "$(TARGET_NAME)";
				SWIFT_VERSION = 5.0;
				TARGETED_DEVICE_FAMILY = "1,2";
			};
			name = Release;
		};
/* End XCBuildConfiguration section */

/* Begin XCConfigurationList section */
		C694902123D994F4008E4031 /* Build configuration list for PBXProject "Sarrafi" */ = {
			isa = XCConfigurationList;
			buildConfigurations = (
				C694903823D994F6008E4031 /* Debug */,
				C694903923D994F6008E4031 /* Release */,
			);
			defaultConfigurationIsVisible = 0;
			defaultConfigurationName = Release;
		};
		C694903A23D994F6008E4031 /* Build configuration list for PBXNativeTarget "Sarrafi" */ = {
			isa = XCConfigurationList;
			buildConfigurations = (
				C694903B23D994F6008E4031 /* Debug */,
				C694903C23D994F6008E4031 /* Release */,
			);
			defaultConfigurationIsVisible = 0;
			defaultConfigurationName = Release;
		};
/* End XCConfigurationList section */
	};
	rootObject = C694901E23D994F4008E4031 /* Project object */;
}
