// !$*UTF8*$!
{
	archiveVersion = 1;
	classes = {
	};
	objectVersion = 52;
	objects = {

/* Begin PBXBuildFile section */
		C610DF40244C93A3005B250E /* Charts in Frameworks */ = {isa = PBXBuildFile; productRef = C610DF3F244C93A3005B250E /* Charts */; };
		C610DF46244C965A005B250E /* Lottie in Frameworks */ = {isa = PBXBuildFile; productRef = C610DF45244C965A005B250E /* Lottie */; };
		C61743E6244C43220085E2B2 /* NavigationController.swift in Sources */ = {isa = PBXBuildFile; fileRef = C61743E5244C43220085E2B2 /* NavigationController.swift */; };
		C6279EAA2454156E00610AF6 /* WhatsNewKit in Frameworks */ = {isa = PBXBuildFile; productRef = C6279EA92454156E00610AF6 /* WhatsNewKit */; };
		C6279EAE2454179E00610AF6 /* WhatsNew.swift in Sources */ = {isa = PBXBuildFile; fileRef = C6279EAD2454179E00610AF6 /* WhatsNew.swift */; };
		C62B700423DAFFBD00BC4E1F /* CurrencyModel.swift in Sources */ = {isa = PBXBuildFile; fileRef = C62B700323DAFFBD00BC4E1F /* CurrencyModel.swift */; };
		C66F488A244C9A7F00C19912 /* loading_animation.json in Resources */ = {isa = PBXBuildFile; fileRef = C66F4889244C9A7F00C19912 /* loading_animation.json */; };
		C66F488C244C9AD800C19912 /* no_internet_connection.json in Resources */ = {isa = PBXBuildFile; fileRef = C66F488B244C9AD700C19912 /* no_internet_connection.json */; };
		C66F488E244CA5D400C19912 /* Reachability.swift in Sources */ = {isa = PBXBuildFile; fileRef = C66F488D244CA5D400C19912 /* Reachability.swift */; };
		C66F4891244CCB2200C19912 /* MBProgressHUD in Frameworks */ = {isa = PBXBuildFile; productRef = C66F4890244CCB2200C19912 /* MBProgressHUD */; };
		C6757075244F8BEA00999245 /* ChartModel.swift in Sources */ = {isa = PBXBuildFile; fileRef = C6757074244F8BE900999245 /* ChartModel.swift */; };
		C67B9730244B9B00002E37F2 /* MainController.swift in Sources */ = {isa = PBXBuildFile; fileRef = C67B972F244B9B00002E37F2 /* MainController.swift */; };
		C67C0F62244CE2E700CD01C7 /* UICircularProgressRing in Frameworks */ = {isa = PBXBuildFile; productRef = C67C0F61244CE2E700CD01C7 /* UICircularProgressRing */; };
		C68C5BE32465EB3900CB9877 /* DetailController.swift in Sources */ = {isa = PBXBuildFile; fileRef = C68C5BE22465EB3900CB9877 /* DetailController.swift */; };
		C694902A23D994F4008E4031 /* AppDelegate.swift in Sources */ = {isa = PBXBuildFile; fileRef = C694902923D994F4008E4031 /* AppDelegate.swift */; };
		C694903123D994F4008E4031 /* Main.storyboard in Resources */ = {isa = PBXBuildFile; fileRef = C694902F23D994F4008E4031 /* Main.storyboard */; };
		C694903323D994F6008E4031 /* Assets.xcassets in Resources */ = {isa = PBXBuildFile; fileRef = C694903223D994F6008E4031 /* Assets.xcassets */; };
		C694903623D994F6008E4031 /* LaunchScreen.storyboard in Resources */ = {isa = PBXBuildFile; fileRef = C694903423D994F6008E4031 /* LaunchScreen.storyboard */; };
		C694908223DA066E008E4031 /* Shabnam-Bold-FD.ttf in Resources */ = {isa = PBXBuildFile; fileRef = C694908123DA066E008E4031 /* Shabnam-Bold-FD.ttf */; };
		C694908723DA0697008E4031 /* Shabnam-Thin-FD.ttf in Resources */ = {isa = PBXBuildFile; fileRef = C694908323DA0697008E4031 /* Shabnam-Thin-FD.ttf */; };
		C694908823DA0697008E4031 /* Shabnam-Medium-FD.ttf in Resources */ = {isa = PBXBuildFile; fileRef = C694908423DA0697008E4031 /* Shabnam-Medium-FD.ttf */; };
		C694908923DA0697008E4031 /* Shabnam-FD.ttf in Resources */ = {isa = PBXBuildFile; fileRef = C694908523DA0697008E4031 /* Shabnam-FD.ttf */; };
		C694908A23DA0697008E4031 /* Shabnam-Light-FD.ttf in Resources */ = {isa = PBXBuildFile; fileRef = C694908623DA0697008E4031 /* Shabnam-Light-FD.ttf */; };
		C694908C23DA12B3008E4031 /* Helper.swift in Sources */ = {isa = PBXBuildFile; fileRef = C694908B23DA12B3008E4031 /* Helper.swift */; };
		C694908E23DA136D008E4031 /* CardView.swift in Sources */ = {isa = PBXBuildFile; fileRef = C694908D23DA136D008E4031 /* CardView.swift */; };
		C694909323DA1774008E4031 /* CurrencyCell.swift in Sources */ = {isa = PBXBuildFile; fileRef = C694909223DA1774008E4031 /* CurrencyCell.swift */; };
		C6A1AFC724653D7900731CCA /* Interface.storyboard in Resources */ = {isa = PBXBuildFile; fileRef = C6A1AFC524653D7900731CCA /* Interface.storyboard */; };
		C6A1AFC924653D7B00731CCA /* Assets.xcassets in Resources */ = {isa = PBXBuildFile; fileRef = C6A1AFC824653D7B00731CCA /* Assets.xcassets */; };
		C6A1AFD024653D7B00731CCA /* Sarrafi Watchkit App Extension.appex in Embed App Extensions */ = {isa = PBXBuildFile; fileRef = C6A1AFCF24653D7B00731CCA /* Sarrafi Watchkit App Extension.appex */; settings = {ATTRIBUTES = (RemoveHeadersOnCopy, ); }; };
		C6A1AFD524653D7C00731CCA /* CurrencyController.swift in Sources */ = {isa = PBXBuildFile; fileRef = C6A1AFD424653D7C00731CCA /* CurrencyController.swift */; };
		C6A1AFD724653D7C00731CCA /* ExtensionDelegate.swift in Sources */ = {isa = PBXBuildFile; fileRef = C6A1AFD624653D7C00731CCA /* ExtensionDelegate.swift */; };
		C6A1AFD924653D7C00731CCA /* Assets.xcassets in Resources */ = {isa = PBXBuildFile; fileRef = C6A1AFD824653D7C00731CCA /* Assets.xcassets */; };
		C6A1AFDD24653D7C00731CCA /* Sarrafi Watchkit App.app in Embed Watch Content */ = {isa = PBXBuildFile; fileRef = C6A1AFC324653D7900731CCA /* Sarrafi Watchkit App.app */; settings = {ATTRIBUTES = (RemoveHeadersOnCopy, ); }; };
		C6A1AFE72465507A00731CCA /* CurrencyRow.swift in Sources */ = {isa = PBXBuildFile; fileRef = C6A1AFE62465507A00731CCA /* CurrencyRow.swift */; };
		C6A1AFED2465560D00731CCA /* Shabnam-Thin-FD.ttf in Resources */ = {isa = PBXBuildFile; fileRef = C694908323DA0697008E4031 /* Shabnam-Thin-FD.ttf */; };
		C6A1AFEE2465560D00731CCA /* Shabnam-Light-FD.ttf in Resources */ = {isa = PBXBuildFile; fileRef = C694908623DA0697008E4031 /* Shabnam-Light-FD.ttf */; };
		C6A1AFEF2465560D00731CCA /* Shabnam-FD.ttf in Resources */ = {isa = PBXBuildFile; fileRef = C694908523DA0697008E4031 /* Shabnam-FD.ttf */; };
		C6A1AFF02465560D00731CCA /* Shabnam-Medium-FD.ttf in Resources */ = {isa = PBXBuildFile; fileRef = C694908423DA0697008E4031 /* Shabnam-Medium-FD.ttf */; };
		C6A1AFF12465560D00731CCA /* Shabnam-Bold-FD.ttf in Resources */ = {isa = PBXBuildFile; fileRef = C694908123DA066E008E4031 /* Shabnam-Bold-FD.ttf */; };
		C6A1AFF424655AFA00731CCA /* Alamofire in Frameworks */ = {isa = PBXBuildFile; productRef = C6A1AFF324655AFA00731CCA /* Alamofire */; };
		C6A1AFFD24658F1B00731CCA /* CurrencyService.swift in Sources */ = {isa = PBXBuildFile; fileRef = C6A1AFFC24658F1B00731CCA /* CurrencyService.swift */; };
		C6A1AFFE24658F1B00731CCA /* CurrencyService.swift in Sources */ = {isa = PBXBuildFile; fileRef = C6A1AFFC24658F1B00731CCA /* CurrencyService.swift */; };
		C6A1B00024658F3E00731CCA /* CurrencyModel.swift in Sources */ = {isa = PBXBuildFile; fileRef = C62B700323DAFFBD00BC4E1F /* CurrencyModel.swift */; };
		C6A1B00324658F6D00731CCA /* CurrencyListResponse.swift in Sources */ = {isa = PBXBuildFile; fileRef = C6A1B00224658F6D00731CCA /* CurrencyListResponse.swift */; };
		C6A1B00424658F6D00731CCA /* CurrencyListResponse.swift in Sources */ = {isa = PBXBuildFile; fileRef = C6A1B00224658F6D00731CCA /* CurrencyListResponse.swift */; };
		C6A1B0072465932C00731CCA /* NetworkingError.swift in Sources */ = {isa = PBXBuildFile; fileRef = C6A1B0062465932C00731CCA /* NetworkingError.swift */; };
		C6A1B0082465932C00731CCA /* NetworkingError.swift in Sources */ = {isa = PBXBuildFile; fileRef = C6A1B0062465932C00731CCA /* NetworkingError.swift */; };
		C6B3C6242451D0430063C195 /* BallonMarker.swift in Sources */ = {isa = PBXBuildFile; fileRef = C6B3C6232451D0430063C195 /* BallonMarker.swift */; };
		C6B6136A2466C7FD009529E1 /* EMTLoadingIndicator.swift in Sources */ = {isa = PBXBuildFile; fileRef = C6B613682466C7FD009529E1 /* EMTLoadingIndicator.swift */; };
		C6B6136B2466C7FD009529E1 /* EMTTimer.swift in Sources */ = {isa = PBXBuildFile; fileRef = C6B613692466C7FD009529E1 /* EMTTimer.swift */; };
		C6B6138B2466C820009529E1 /* waitIndicatorGraphic-8@2x.png in Resources */ = {isa = PBXBuildFile; fileRef = C6B6136D2466C81B009529E1 /* waitIndicatorGraphic-8@2x.png */; };
		C6B6138C2466C820009529E1 /* waitIndicatorGraphic-18@2x.png in Resources */ = {isa = PBXBuildFile; fileRef = C6B6136E2466C81B009529E1 /* waitIndicatorGraphic-18@2x.png */; };
		C6B6138D2466C820009529E1 /* waitIndicatorGraphic-16@2x.png in Resources */ = {isa = PBXBuildFile; fileRef = C6B6136F2466C81B009529E1 /* waitIndicatorGraphic-16@2x.png */; };
		C6B6138E2466C820009529E1 /* waitIndicatorGraphic-27@2x.png in Resources */ = {isa = PBXBuildFile; fileRef = C6B613702466C81B009529E1 /* waitIndicatorGraphic-27@2x.png */; };
		C6B6138F2466C820009529E1 /* waitIndicatorGraphic-13@2x.png in Resources */ = {isa = PBXBuildFile; fileRef = C6B613712466C81C009529E1 /* waitIndicatorGraphic-13@2x.png */; };
		C6B613902466C820009529E1 /* waitIndicatorGraphic-17@2x.png in Resources */ = {isa = PBXBuildFile; fileRef = C6B613722466C81C009529E1 /* waitIndicatorGraphic-17@2x.png */; };
		C6B613912466C820009529E1 /* waitIndicatorGraphic-3@2x.png in Resources */ = {isa = PBXBuildFile; fileRef = C6B613732466C81C009529E1 /* waitIndicatorGraphic-3@2x.png */; };
		C6B613922466C820009529E1 /* waitIndicatorGraphic-5@2x.png in Resources */ = {isa = PBXBuildFile; fileRef = C6B613742466C81C009529E1 /* waitIndicatorGraphic-5@2x.png */; };
		C6B613932466C820009529E1 /* waitIndicatorGraphic-10@2x.png in Resources */ = {isa = PBXBuildFile; fileRef = C6B613752466C81C009529E1 /* waitIndicatorGraphic-10@2x.png */; };
		C6B613942466C820009529E1 /* waitIndicatorGraphic-14@2x.png in Resources */ = {isa = PBXBuildFile; fileRef = C6B613762466C81C009529E1 /* waitIndicatorGraphic-14@2x.png */; };
		C6B613952466C820009529E1 /* waitIndicatorGraphic-23@2x.png in Resources */ = {isa = PBXBuildFile; fileRef = C6B613772466C81D009529E1 /* waitIndicatorGraphic-23@2x.png */; };
		C6B613962466C820009529E1 /* waitIndicatorGraphic-29@2x.png in Resources */ = {isa = PBXBuildFile; fileRef = C6B613782466C81D009529E1 /* waitIndicatorGraphic-29@2x.png */; };
		C6B613972466C820009529E1 /* waitIndicatorGraphic-7@2x.png in Resources */ = {isa = PBXBuildFile; fileRef = C6B613792466C81D009529E1 /* waitIndicatorGraphic-7@2x.png */; };
		C6B613982466C820009529E1 /* waitIndicatorGraphic-11@2x.png in Resources */ = {isa = PBXBuildFile; fileRef = C6B6137A2466C81D009529E1 /* waitIndicatorGraphic-11@2x.png */; };
		C6B613992466C820009529E1 /* waitIndicatorGraphic-12@2x.png in Resources */ = {isa = PBXBuildFile; fileRef = C6B6137B2466C81D009529E1 /* waitIndicatorGraphic-12@2x.png */; };
		C6B6139A2466C820009529E1 /* waitIndicatorGraphic-0@2x.png in Resources */ = {isa = PBXBuildFile; fileRef = C6B6137C2466C81D009529E1 /* waitIndicatorGraphic-0@2x.png */; };
		C6B6139B2466C820009529E1 /* waitIndicatorGraphic-15@2x.png in Resources */ = {isa = PBXBuildFile; fileRef = C6B6137D2466C81E009529E1 /* waitIndicatorGraphic-15@2x.png */; };
		C6B6139C2466C820009529E1 /* waitIndicatorGraphic-1@2x.png in Resources */ = {isa = PBXBuildFile; fileRef = C6B6137E2466C81E009529E1 /* waitIndicatorGraphic-1@2x.png */; };
		C6B6139D2466C820009529E1 /* waitIndicatorGraphic-2@2x.png in Resources */ = {isa = PBXBuildFile; fileRef = C6B6137F2466C81E009529E1 /* waitIndicatorGraphic-2@2x.png */; };
		C6B6139E2466C820009529E1 /* waitIndicatorGraphic-20@2x.png in Resources */ = {isa = PBXBuildFile; fileRef = C6B613802466C81E009529E1 /* waitIndicatorGraphic-20@2x.png */; };
		C6B6139F2466C820009529E1 /* waitIndicatorGraphic-22@2x.png in Resources */ = {isa = PBXBuildFile; fileRef = C6B613812466C81E009529E1 /* waitIndicatorGraphic-22@2x.png */; };
		C6B613A02466C820009529E1 /* waitIndicatorGraphic-21@2x.png in Resources */ = {isa = PBXBuildFile; fileRef = C6B613822466C81F009529E1 /* waitIndicatorGraphic-21@2x.png */; };
		C6B613A12466C820009529E1 /* waitIndicatorGraphic-24@2x.png in Resources */ = {isa = PBXBuildFile; fileRef = C6B613832466C81F009529E1 /* waitIndicatorGraphic-24@2x.png */; };
		C6B613A22466C820009529E1 /* waitIndicatorGraphic-26@2x.png in Resources */ = {isa = PBXBuildFile; fileRef = C6B613842466C81F009529E1 /* waitIndicatorGraphic-26@2x.png */; };
		C6B613A32466C820009529E1 /* waitIndicatorGraphic-9@2x.png in Resources */ = {isa = PBXBuildFile; fileRef = C6B613852466C81F009529E1 /* waitIndicatorGraphic-9@2x.png */; };
		C6B613A42466C820009529E1 /* waitIndicatorGraphic-19@2x.png in Resources */ = {isa = PBXBuildFile; fileRef = C6B613862466C81F009529E1 /* waitIndicatorGraphic-19@2x.png */; };
		C6B613A52466C820009529E1 /* waitIndicatorGraphic-6@2x.png in Resources */ = {isa = PBXBuildFile; fileRef = C6B613872466C820009529E1 /* waitIndicatorGraphic-6@2x.png */; };
		C6B613A62466C820009529E1 /* waitIndicatorGraphic-4@2x.png in Resources */ = {isa = PBXBuildFile; fileRef = C6B613882466C820009529E1 /* waitIndicatorGraphic-4@2x.png */; };
		C6B613A72466C820009529E1 /* waitIndicatorGraphic-28@2x.png in Resources */ = {isa = PBXBuildFile; fileRef = C6B613892466C820009529E1 /* waitIndicatorGraphic-28@2x.png */; };
		C6B613A82466C820009529E1 /* waitIndicatorGraphic-25@2x.png in Resources */ = {isa = PBXBuildFile; fileRef = C6B6138A2466C820009529E1 /* waitIndicatorGraphic-25@2x.png */; };
		C6B7AB17244D7E650097E3EA /* DetailController.swift in Sources */ = {isa = PBXBuildFile; fileRef = C6B7AB16244D7E650097E3EA /* DetailController.swift */; };
		C6C381DC24445081001F6289 /* Alamofire in Frameworks */ = {isa = PBXBuildFile; productRef = C6C381DB24445081001F6289 /* Alamofire */; };
/* End PBXBuildFile section */

/* Begin PBXContainerItemProxy section */
		C6A1AFD124653D7B00731CCA /* PBXContainerItemProxy */ = {
			isa = PBXContainerItemProxy;
			containerPortal = C694901E23D994F4008E4031 /* Project object */;
			proxyType = 1;
			remoteGlobalIDString = C6A1AFCE24653D7B00731CCA;
			remoteInfo = "Sarrafi Watchkit App Extension";
		};
		C6A1AFDB24653D7C00731CCA /* PBXContainerItemProxy */ = {
			isa = PBXContainerItemProxy;
			containerPortal = C694901E23D994F4008E4031 /* Project object */;
			proxyType = 1;
			remoteGlobalIDString = C6A1AFC224653D7900731CCA;
			remoteInfo = "Sarrafi Watchkit App";
		};
/* End PBXContainerItemProxy section */

/* Begin PBXCopyFilesBuildPhase section */
		C6A1AFDE24653D7C00731CCA /* Embed Watch Content */ = {
			isa = PBXCopyFilesBuildPhase;
			buildActionMask = 2147483647;
			dstPath = "$(CONTENTS_FOLDER_PATH)/Watch";
			dstSubfolderSpec = 16;
			files = (
				C6A1AFDD24653D7C00731CCA /* Sarrafi Watchkit App.app in Embed Watch Content */,
			);
			name = "Embed Watch Content";
			runOnlyForDeploymentPostprocessing = 0;
		};
		C6A1AFE124653D7C00731CCA /* Embed App Extensions */ = {
			isa = PBXCopyFilesBuildPhase;
			buildActionMask = 2147483647;
			dstPath = "";
			dstSubfolderSpec = 13;
			files = (
				C6A1AFD024653D7B00731CCA /* Sarrafi Watchkit App Extension.appex in Embed App Extensions */,
			);
			name = "Embed App Extensions";
			runOnlyForDeploymentPostprocessing = 0;
		};
/* End PBXCopyFilesBuildPhase section */

/* Begin PBXFileReference section */
		C61743E5244C43220085E2B2 /* NavigationController.swift */ = {isa = PBXFileReference; fileEncoding = 4; lastKnownFileType = sourcecode.swift; path = NavigationController.swift; sourceTree = "<group>"; };
		C6279EAD2454179E00610AF6 /* WhatsNew.swift */ = {isa = PBXFileReference; lastKnownFileType = sourcecode.swift; path = WhatsNew.swift; sourceTree = "<group>"; };
		C62B700323DAFFBD00BC4E1F /* CurrencyModel.swift */ = {isa = PBXFileReference; fileEncoding = 4; lastKnownFileType = sourcecode.swift; path = CurrencyModel.swift; sourceTree = "<group>"; };
		C66F4889244C9A7F00C19912 /* loading_animation.json */ = {isa = PBXFileReference; fileEncoding = 4; lastKnownFileType = text.json; path = loading_animation.json; sourceTree = "<group>"; };
		C66F488B244C9AD700C19912 /* no_internet_connection.json */ = {isa = PBXFileReference; fileEncoding = 4; lastKnownFileType = text.json; path = no_internet_connection.json; sourceTree = "<group>"; };
		C66F488D244CA5D400C19912 /* Reachability.swift */ = {isa = PBXFileReference; fileEncoding = 4; lastKnownFileType = sourcecode.swift; path = Reachability.swift; sourceTree = "<group>"; };
		C6757074244F8BE900999245 /* ChartModel.swift */ = {isa = PBXFileReference; lastKnownFileType = sourcecode.swift; path = ChartModel.swift; sourceTree = "<group>"; };
		C67B972F244B9B00002E37F2 /* MainController.swift */ = {isa = PBXFileReference; lastKnownFileType = sourcecode.swift; path = MainController.swift; sourceTree = "<group>"; };
		C68C5BE22465EB3900CB9877 /* DetailController.swift */ = {isa = PBXFileReference; lastKnownFileType = sourcecode.swift; path = DetailController.swift; sourceTree = "<group>"; };
		C694902623D994F4008E4031 /* Sarrafi.app */ = {isa = PBXFileReference; explicitFileType = wrapper.application; includeInIndex = 0; path = Sarrafi.app; sourceTree = BUILT_PRODUCTS_DIR; };
		C694902923D994F4008E4031 /* AppDelegate.swift */ = {isa = PBXFileReference; lastKnownFileType = sourcecode.swift; path = AppDelegate.swift; sourceTree = "<group>"; };
		C694903023D994F4008E4031 /* Base */ = {isa = PBXFileReference; lastKnownFileType = file.storyboard; name = Base; path = Base.lproj/Main.storyboard; sourceTree = "<group>"; };
		C694903223D994F6008E4031 /* Assets.xcassets */ = {isa = PBXFileReference; lastKnownFileType = folder.assetcatalog; path = Assets.xcassets; sourceTree = "<group>"; };
		C694903523D994F6008E4031 /* Base */ = {isa = PBXFileReference; lastKnownFileType = file.storyboard; name = Base; path = Base.lproj/LaunchScreen.storyboard; sourceTree = "<group>"; };
		C694903723D994F6008E4031 /* Info.plist */ = {isa = PBXFileReference; lastKnownFileType = text.plist.xml; path = Info.plist; sourceTree = "<group>"; };
		C694908123DA066E008E4031 /* Shabnam-Bold-FD.ttf */ = {isa = PBXFileReference; lastKnownFileType = file; path = "Shabnam-Bold-FD.ttf"; sourceTree = "<group>"; };
		C694908323DA0697008E4031 /* Shabnam-Thin-FD.ttf */ = {isa = PBXFileReference; lastKnownFileType = file; path = "Shabnam-Thin-FD.ttf"; sourceTree = "<group>"; };
		C694908423DA0697008E4031 /* Shabnam-Medium-FD.ttf */ = {isa = PBXFileReference; lastKnownFileType = file; path = "Shabnam-Medium-FD.ttf"; sourceTree = "<group>"; };
		C694908523DA0697008E4031 /* Shabnam-FD.ttf */ = {isa = PBXFileReference; lastKnownFileType = file; path = "Shabnam-FD.ttf"; sourceTree = "<group>"; };
		C694908623DA0697008E4031 /* Shabnam-Light-FD.ttf */ = {isa = PBXFileReference; lastKnownFileType = file; path = "Shabnam-Light-FD.ttf"; sourceTree = "<group>"; };
		C694908B23DA12B3008E4031 /* Helper.swift */ = {isa = PBXFileReference; lastKnownFileType = sourcecode.swift; path = Helper.swift; sourceTree = "<group>"; };
		C694908D23DA136D008E4031 /* CardView.swift */ = {isa = PBXFileReference; fileEncoding = 4; lastKnownFileType = sourcecode.swift; path = CardView.swift; sourceTree = "<group>"; };
		C694909223DA1774008E4031 /* CurrencyCell.swift */ = {isa = PBXFileReference; lastKnownFileType = sourcecode.swift; path = CurrencyCell.swift; sourceTree = "<group>"; };
		C6A1AFC324653D7900731CCA /* Sarrafi Watchkit App.app */ = {isa = PBXFileReference; explicitFileType = wrapper.application; includeInIndex = 0; path = "Sarrafi Watchkit App.app"; sourceTree = BUILT_PRODUCTS_DIR; };
		C6A1AFC624653D7900731CCA /* Base */ = {isa = PBXFileReference; lastKnownFileType = file.storyboard; name = Base; path = Base.lproj/Interface.storyboard; sourceTree = "<group>"; };
		C6A1AFC824653D7B00731CCA /* Assets.xcassets */ = {isa = PBXFileReference; lastKnownFileType = folder.assetcatalog; path = Assets.xcassets; sourceTree = "<group>"; };
		C6A1AFCA24653D7B00731CCA /* Info.plist */ = {isa = PBXFileReference; lastKnownFileType = text.plist.xml; path = Info.plist; sourceTree = "<group>"; };
		C6A1AFCF24653D7B00731CCA /* Sarrafi Watchkit App Extension.appex */ = {isa = PBXFileReference; explicitFileType = "wrapper.app-extension"; includeInIndex = 0; path = "Sarrafi Watchkit App Extension.appex"; sourceTree = BUILT_PRODUCTS_DIR; };
		C6A1AFD424653D7C00731CCA /* CurrencyController.swift */ = {isa = PBXFileReference; lastKnownFileType = sourcecode.swift; path = CurrencyController.swift; sourceTree = "<group>"; };
		C6A1AFD624653D7C00731CCA /* ExtensionDelegate.swift */ = {isa = PBXFileReference; lastKnownFileType = sourcecode.swift; path = ExtensionDelegate.swift; sourceTree = "<group>"; };
		C6A1AFD824653D7C00731CCA /* Assets.xcassets */ = {isa = PBXFileReference; lastKnownFileType = folder.assetcatalog; path = Assets.xcassets; sourceTree = "<group>"; };
		C6A1AFDA24653D7C00731CCA /* Info.plist */ = {isa = PBXFileReference; lastKnownFileType = text.plist.xml; path = Info.plist; sourceTree = "<group>"; };
		C6A1AFE62465507A00731CCA /* CurrencyRow.swift */ = {isa = PBXFileReference; lastKnownFileType = sourcecode.swift; path = CurrencyRow.swift; sourceTree = "<group>"; };
		C6A1AFFC24658F1B00731CCA /* CurrencyService.swift */ = {isa = PBXFileReference; lastKnownFileType = sourcecode.swift; name = CurrencyService.swift; path = ../../../../../Documents/CurrencyService.swift; sourceTree = "<group>"; };
		C6A1B00224658F6D00731CCA /* CurrencyListResponse.swift */ = {isa = PBXFileReference; lastKnownFileType = sourcecode.swift; name = CurrencyListResponse.swift; path = ../../../../../Documents/CurrencyListResponse.swift; sourceTree = "<group>"; };
		C6A1B0062465932C00731CCA /* NetworkingError.swift */ = {isa = PBXFileReference; fileEncoding = 4; lastKnownFileType = sourcecode.swift; path = NetworkingError.swift; sourceTree = "<group>"; };
		C6B3C6232451D0430063C195 /* BallonMarker.swift */ = {isa = PBXFileReference; lastKnownFileType = sourcecode.swift; path = BallonMarker.swift; sourceTree = "<group>"; };
		C6B613682466C7FD009529E1 /* EMTLoadingIndicator.swift */ = {isa = PBXFileReference; fileEncoding = 4; lastKnownFileType = sourcecode.swift; path = EMTLoadingIndicator.swift; sourceTree = "<group>"; };
		C6B613692466C7FD009529E1 /* EMTTimer.swift */ = {isa = PBXFileReference; fileEncoding = 4; lastKnownFileType = sourcecode.swift; path = EMTTimer.swift; sourceTree = "<group>"; };
		C6B6136D2466C81B009529E1 /* waitIndicatorGraphic-8@2x.png */ = {isa = PBXFileReference; lastKnownFileType = image.png; path = "waitIndicatorGraphic-8@2x.png"; sourceTree = "<group>"; };
		C6B6136E2466C81B009529E1 /* waitIndicatorGraphic-18@2x.png */ = {isa = PBXFileReference; lastKnownFileType = image.png; path = "waitIndicatorGraphic-18@2x.png"; sourceTree = "<group>"; };
		C6B6136F2466C81B009529E1 /* waitIndicatorGraphic-16@2x.png */ = {isa = PBXFileReference; lastKnownFileType = image.png; path = "waitIndicatorGraphic-16@2x.png"; sourceTree = "<group>"; };
		C6B613702466C81B009529E1 /* waitIndicatorGraphic-27@2x.png */ = {isa = PBXFileReference; lastKnownFileType = image.png; path = "waitIndicatorGraphic-27@2x.png"; sourceTree = "<group>"; };
		C6B613712466C81C009529E1 /* waitIndicatorGraphic-13@2x.png */ = {isa = PBXFileReference; lastKnownFileType = image.png; path = "waitIndicatorGraphic-13@2x.png"; sourceTree = "<group>"; };
		C6B613722466C81C009529E1 /* waitIndicatorGraphic-17@2x.png */ = {isa = PBXFileReference; lastKnownFileType = image.png; path = "waitIndicatorGraphic-17@2x.png"; sourceTree = "<group>"; };
		C6B613732466C81C009529E1 /* waitIndicatorGraphic-3@2x.png */ = {isa = PBXFileReference; lastKnownFileType = image.png; path = "waitIndicatorGraphic-3@2x.png"; sourceTree = "<group>"; };
		C6B613742466C81C009529E1 /* waitIndicatorGraphic-5@2x.png */ = {isa = PBXFileReference; lastKnownFileType = image.png; path = "waitIndicatorGraphic-5@2x.png"; sourceTree = "<group>"; };
		C6B613752466C81C009529E1 /* waitIndicatorGraphic-10@2x.png */ = {isa = PBXFileReference; lastKnownFileType = image.png; path = "waitIndicatorGraphic-10@2x.png"; sourceTree = "<group>"; };
		C6B613762466C81C009529E1 /* waitIndicatorGraphic-14@2x.png */ = {isa = PBXFileReference; lastKnownFileType = image.png; path = "waitIndicatorGraphic-14@2x.png"; sourceTree = "<group>"; };
		C6B613772466C81D009529E1 /* waitIndicatorGraphic-23@2x.png */ = {isa = PBXFileReference; lastKnownFileType = image.png; path = "waitIndicatorGraphic-23@2x.png"; sourceTree = "<group>"; };
		C6B613782466C81D009529E1 /* waitIndicatorGraphic-29@2x.png */ = {isa = PBXFileReference; lastKnownFileType = image.png; path = "waitIndicatorGraphic-29@2x.png"; sourceTree = "<group>"; };
		C6B613792466C81D009529E1 /* waitIndicatorGraphic-7@2x.png */ = {isa = PBXFileReference; lastKnownFileType = image.png; path = "waitIndicatorGraphic-7@2x.png"; sourceTree = "<group>"; };
		C6B6137A2466C81D009529E1 /* waitIndicatorGraphic-11@2x.png */ = {isa = PBXFileReference; lastKnownFileType = image.png; path = "waitIndicatorGraphic-11@2x.png"; sourceTree = "<group>"; };
		C6B6137B2466C81D009529E1 /* waitIndicatorGraphic-12@2x.png */ = {isa = PBXFileReference; lastKnownFileType = image.png; path = "waitIndicatorGraphic-12@2x.png"; sourceTree = "<group>"; };
		C6B6137C2466C81D009529E1 /* waitIndicatorGraphic-0@2x.png */ = {isa = PBXFileReference; lastKnownFileType = image.png; path = "waitIndicatorGraphic-0@2x.png"; sourceTree = "<group>"; };
		C6B6137D2466C81E009529E1 /* waitIndicatorGraphic-15@2x.png */ = {isa = PBXFileReference; lastKnownFileType = image.png; path = "waitIndicatorGraphic-15@2x.png"; sourceTree = "<group>"; };
		C6B6137E2466C81E009529E1 /* waitIndicatorGraphic-1@2x.png */ = {isa = PBXFileReference; lastKnownFileType = image.png; path = "waitIndicatorGraphic-1@2x.png"; sourceTree = "<group>"; };
		C6B6137F2466C81E009529E1 /* waitIndicatorGraphic-2@2x.png */ = {isa = PBXFileReference; lastKnownFileType = image.png; path = "waitIndicatorGraphic-2@2x.png"; sourceTree = "<group>"; };
		C6B613802466C81E009529E1 /* waitIndicatorGraphic-20@2x.png */ = {isa = PBXFileReference; lastKnownFileType = image.png; path = "waitIndicatorGraphic-20@2x.png"; sourceTree = "<group>"; };
		C6B613812466C81E009529E1 /* waitIndicatorGraphic-22@2x.png */ = {isa = PBXFileReference; lastKnownFileType = image.png; path = "waitIndicatorGraphic-22@2x.png"; sourceTree = "<group>"; };
		C6B613822466C81F009529E1 /* waitIndicatorGraphic-21@2x.png */ = {isa = PBXFileReference; lastKnownFileType = image.png; path = "waitIndicatorGraphic-21@2x.png"; sourceTree = "<group>"; };
		C6B613832466C81F009529E1 /* waitIndicatorGraphic-24@2x.png */ = {isa = PBXFileReference; lastKnownFileType = image.png; path = "waitIndicatorGraphic-24@2x.png"; sourceTree = "<group>"; };
		C6B613842466C81F009529E1 /* waitIndicatorGraphic-26@2x.png */ = {isa = PBXFileReference; lastKnownFileType = image.png; path = "waitIndicatorGraphic-26@2x.png"; sourceTree = "<group>"; };
		C6B613852466C81F009529E1 /* waitIndicatorGraphic-9@2x.png */ = {isa = PBXFileReference; lastKnownFileType = image.png; path = "waitIndicatorGraphic-9@2x.png"; sourceTree = "<group>"; };
		C6B613862466C81F009529E1 /* waitIndicatorGraphic-19@2x.png */ = {isa = PBXFileReference; lastKnownFileType = image.png; path = "waitIndicatorGraphic-19@2x.png"; sourceTree = "<group>"; };
		C6B613872466C820009529E1 /* waitIndicatorGraphic-6@2x.png */ = {isa = PBXFileReference; lastKnownFileType = image.png; path = "waitIndicatorGraphic-6@2x.png"; sourceTree = "<group>"; };
		C6B613882466C820009529E1 /* waitIndicatorGraphic-4@2x.png */ = {isa = PBXFileReference; lastKnownFileType = image.png; path = "waitIndicatorGraphic-4@2x.png"; sourceTree = "<group>"; };
		C6B613892466C820009529E1 /* waitIndicatorGraphic-28@2x.png */ = {isa = PBXFileReference; lastKnownFileType = image.png; path = "waitIndicatorGraphic-28@2x.png"; sourceTree = "<group>"; };
		C6B6138A2466C820009529E1 /* waitIndicatorGraphic-25@2x.png */ = {isa = PBXFileReference; lastKnownFileType = image.png; path = "waitIndicatorGraphic-25@2x.png"; sourceTree = "<group>"; };
		C6B7AB16244D7E650097E3EA /* DetailController.swift */ = {isa = PBXFileReference; lastKnownFileType = sourcecode.swift; path = DetailController.swift; sourceTree = "<group>"; };
		C6C381DD244450A7001F6289 /* Sarrafi.entitlements */ = {isa = PBXFileReference; lastKnownFileType = text.plist.entitlements; path = Sarrafi.entitlements; sourceTree = "<group>"; };
/* End PBXFileReference section */

/* Begin PBXFrameworksBuildPhase section */
		C694902323D994F4008E4031 /* Frameworks */ = {
			isa = PBXFrameworksBuildPhase;
			buildActionMask = 2147483647;
			files = (
				C6C381DC24445081001F6289 /* Alamofire in Frameworks */,
				C610DF40244C93A3005B250E /* Charts in Frameworks */,
				C6279EAA2454156E00610AF6 /* WhatsNewKit in Frameworks */,
				C66F4891244CCB2200C19912 /* MBProgressHUD in Frameworks */,
				C67C0F62244CE2E700CD01C7 /* UICircularProgressRing in Frameworks */,
				C610DF46244C965A005B250E /* Lottie in Frameworks */,
			);
			runOnlyForDeploymentPostprocessing = 0;
		};
		C6A1AFCC24653D7B00731CCA /* Frameworks */ = {
			isa = PBXFrameworksBuildPhase;
			buildActionMask = 2147483647;
			files = (
				C6A1AFF424655AFA00731CCA /* Alamofire in Frameworks */,
			);
			runOnlyForDeploymentPostprocessing = 0;
		};
/* End PBXFrameworksBuildPhase section */

/* Begin PBXGroup section */
		C62B700223DAFFAA00BC4E1F /* Model */ = {
			isa = PBXGroup;
			children = (
				C6757074244F8BE900999245 /* ChartModel.swift */,
			);
			path = Model;
			sourceTree = "<group>";
		};
		C694901D23D994F4008E4031 = {
			isa = PBXGroup;
			children = (
				C6A1AFFA24658EE300731CCA /* Core */,
				C694902823D994F4008E4031 /* Sarrafi */,
				C6A1AFC424653D7900731CCA /* Sarrafi Watchkit App */,
				C6A1AFD324653D7B00731CCA /* Sarrafi Watchkit App Extension */,
				C694908023DA061C008E4031 /* Fonts */,
				C694902723D994F4008E4031 /* Products */,
				C6A1AFF224655AFA00731CCA /* Frameworks */,
			);
			sourceTree = "<group>";
		};
		C694902723D994F4008E4031 /* Products */ = {
			isa = PBXGroup;
			children = (
				C694902623D994F4008E4031 /* Sarrafi.app */,
				C6A1AFC324653D7900731CCA /* Sarrafi Watchkit App.app */,
				C6A1AFCF24653D7B00731CCA /* Sarrafi Watchkit App Extension.appex */,
			);
			name = Products;
			sourceTree = "<group>";
		};
		C694902823D994F4008E4031 /* Sarrafi */ = {
			isa = PBXGroup;
			children = (
				C6C381DD244450A7001F6289 /* Sarrafi.entitlements */,
				C694903D23D9F0A9008E4031 /* Controller */,
				C694903E23D9F0B0008E4031 /* Extensions */,
				C62B700223DAFFAA00BC4E1F /* Model */,
				C694909123DA173F008E4031 /* View */,
				C694902923D994F4008E4031 /* AppDelegate.swift */,
				C694902F23D994F4008E4031 /* Main.storyboard */,
				C694903223D994F6008E4031 /* Assets.xcassets */,
				C694903423D994F6008E4031 /* LaunchScreen.storyboard */,
				C66F4889244C9A7F00C19912 /* loading_animation.json */,
				C66F488B244C9AD700C19912 /* no_internet_connection.json */,
				C694903723D994F6008E4031 /* Info.plist */,
			);
			path = Sarrafi;
			sourceTree = "<group>";
		};
		C694903D23D9F0A9008E4031 /* Controller */ = {
			isa = PBXGroup;
			children = (
				C61743E5244C43220085E2B2 /* NavigationController.swift */,
				C67B972F244B9B00002E37F2 /* MainController.swift */,
				C6B7AB16244D7E650097E3EA /* DetailController.swift */,
			);
			path = Controller;
			sourceTree = "<group>";
		};
		C694903E23D9F0B0008E4031 /* Extensions */ = {
			isa = PBXGroup;
			children = (
				C694908D23DA136D008E4031 /* CardView.swift */,
				C694908B23DA12B3008E4031 /* Helper.swift */,
				C66F488D244CA5D400C19912 /* Reachability.swift */,
				C6B3C6232451D0430063C195 /* BallonMarker.swift */,
				C6279EAD2454179E00610AF6 /* WhatsNew.swift */,
			);
			path = Extensions;
			sourceTree = "<group>";
		};
		C694908023DA061C008E4031 /* Fonts */ = {
			isa = PBXGroup;
			children = (
				C694908323DA0697008E4031 /* Shabnam-Thin-FD.ttf */,
				C694908623DA0697008E4031 /* Shabnam-Light-FD.ttf */,
				C694908523DA0697008E4031 /* Shabnam-FD.ttf */,
				C694908423DA0697008E4031 /* Shabnam-Medium-FD.ttf */,
				C694908123DA066E008E4031 /* Shabnam-Bold-FD.ttf */,
			);
			path = Fonts;
			sourceTree = "<group>";
		};
		C694909123DA173F008E4031 /* View */ = {
			isa = PBXGroup;
			children = (
				C694909223DA1774008E4031 /* CurrencyCell.swift */,
			);
			path = View;
			sourceTree = "<group>";
		};
		C6A1AFC424653D7900731CCA /* Sarrafi Watchkit App */ = {
			isa = PBXGroup;
			children = (
				C6A1AFC524653D7900731CCA /* Interface.storyboard */,
				C6A1AFC824653D7B00731CCA /* Assets.xcassets */,
				C6A1AFCA24653D7B00731CCA /* Info.plist */,
			);
			path = "Sarrafi Watchkit App";
			sourceTree = "<group>";
		};
		C6A1AFD324653D7B00731CCA /* Sarrafi Watchkit App Extension */ = {
			isa = PBXGroup;
			children = (
				C6B613662466C7E7009529E1 /* Extensions */,
				C6A1B0092465CC3C00731CCA /* Controller */,
				C6A1B00A2465CC4500731CCA /* View */,
				C6A1AFD624653D7C00731CCA /* ExtensionDelegate.swift */,
				C6A1AFD824653D7C00731CCA /* Assets.xcassets */,
				C6A1AFDA24653D7C00731CCA /* Info.plist */,
			);
			path = "Sarrafi Watchkit App Extension";
			sourceTree = "<group>";
		};
		C6A1AFF224655AFA00731CCA /* Frameworks */ = {
			isa = PBXGroup;
			children = (
			);
			name = Frameworks;
			sourceTree = "<group>";
		};
		C6A1AFFA24658EE300731CCA /* Core */ = {
			isa = PBXGroup;
			children = (
				C6A1B0052465932500731CCA /* Error */,
				C6A1B00124658F4C00731CCA /* Response */,
				C6A1AFFF24658F3600731CCA /* Model */,
				C6A1AFFB24658F0D00731CCA /* Services */,
			);
			path = Core;
			sourceTree = "<group>";
		};
		C6A1AFFB24658F0D00731CCA /* Services */ = {
			isa = PBXGroup;
			children = (
				C6A1AFFC24658F1B00731CCA /* CurrencyService.swift */,
			);
			path = Services;
			sourceTree = "<group>";
		};
		C6A1AFFF24658F3600731CCA /* Model */ = {
			isa = PBXGroup;
			children = (
				C62B700323DAFFBD00BC4E1F /* CurrencyModel.swift */,
			);
			path = Model;
			sourceTree = "<group>";
		};
		C6A1B00124658F4C00731CCA /* Response */ = {
			isa = PBXGroup;
			children = (
				C6A1B00224658F6D00731CCA /* CurrencyListResponse.swift */,
			);
			path = Response;
			sourceTree = "<group>";
		};
		C6A1B0052465932500731CCA /* Error */ = {
			isa = PBXGroup;
			children = (
				C6A1B0062465932C00731CCA /* NetworkingError.swift */,
			);
			path = Error;
			sourceTree = "<group>";
		};
		C6A1B0092465CC3C00731CCA /* Controller */ = {
			isa = PBXGroup;
			children = (
				C6A1AFD424653D7C00731CCA /* CurrencyController.swift */,
				C68C5BE22465EB3900CB9877 /* DetailController.swift */,
			);
			path = Controller;
			sourceTree = "<group>";
		};
		C6A1B00A2465CC4500731CCA /* View */ = {
			isa = PBXGroup;
			children = (
				C6A1AFE62465507A00731CCA /* CurrencyRow.swift */,
			);
			path = View;
			sourceTree = "<group>";
		};
		C6B613662466C7E7009529E1 /* Extensions */ = {
			isa = PBXGroup;
			children = (
				C6B613672466C7F1009529E1 /* EMTLoadingIndicator */,
			);
			path = Extensions;
			sourceTree = "<group>";
		};
		C6B613672466C7F1009529E1 /* EMTLoadingIndicator */ = {
			isa = PBXGroup;
			children = (
				C6B6136C2466C810009529E1 /* Resources */,
				C6B613682466C7FD009529E1 /* EMTLoadingIndicator.swift */,
				C6B613692466C7FD009529E1 /* EMTTimer.swift */,
			);
			path = EMTLoadingIndicator;
			sourceTree = "<group>";
		};
		C6B6136C2466C810009529E1 /* Resources */ = {
			isa = PBXGroup;
			children = (
				C6B6137C2466C81D009529E1 /* waitIndicatorGraphic-0@2x.png */,
				C6B6137E2466C81E009529E1 /* waitIndicatorGraphic-1@2x.png */,
				C6B6137F2466C81E009529E1 /* waitIndicatorGraphic-2@2x.png */,
				C6B613732466C81C009529E1 /* waitIndicatorGraphic-3@2x.png */,
				C6B613882466C820009529E1 /* waitIndicatorGraphic-4@2x.png */,
				C6B613742466C81C009529E1 /* waitIndicatorGraphic-5@2x.png */,
				C6B613872466C820009529E1 /* waitIndicatorGraphic-6@2x.png */,
				C6B613792466C81D009529E1 /* waitIndicatorGraphic-7@2x.png */,
				C6B6136D2466C81B009529E1 /* waitIndicatorGraphic-8@2x.png */,
				C6B613852466C81F009529E1 /* waitIndicatorGraphic-9@2x.png */,
				C6B613752466C81C009529E1 /* waitIndicatorGraphic-10@2x.png */,
				C6B6137A2466C81D009529E1 /* waitIndicatorGraphic-11@2x.png */,
				C6B6137B2466C81D009529E1 /* waitIndicatorGraphic-12@2x.png */,
				C6B613712466C81C009529E1 /* waitIndicatorGraphic-13@2x.png */,
				C6B613762466C81C009529E1 /* waitIndicatorGraphic-14@2x.png */,
				C6B6137D2466C81E009529E1 /* waitIndicatorGraphic-15@2x.png */,
				C6B6136F2466C81B009529E1 /* waitIndicatorGraphic-16@2x.png */,
				C6B613722466C81C009529E1 /* waitIndicatorGraphic-17@2x.png */,
				C6B6136E2466C81B009529E1 /* waitIndicatorGraphic-18@2x.png */,
				C6B613862466C81F009529E1 /* waitIndicatorGraphic-19@2x.png */,
				C6B613802466C81E009529E1 /* waitIndicatorGraphic-20@2x.png */,
				C6B613822466C81F009529E1 /* waitIndicatorGraphic-21@2x.png */,
				C6B613812466C81E009529E1 /* waitIndicatorGraphic-22@2x.png */,
				C6B613772466C81D009529E1 /* waitIndicatorGraphic-23@2x.png */,
				C6B613832466C81F009529E1 /* waitIndicatorGraphic-24@2x.png */,
				C6B6138A2466C820009529E1 /* waitIndicatorGraphic-25@2x.png */,
				C6B613842466C81F009529E1 /* waitIndicatorGraphic-26@2x.png */,
				C6B613702466C81B009529E1 /* waitIndicatorGraphic-27@2x.png */,
				C6B613892466C820009529E1 /* waitIndicatorGraphic-28@2x.png */,
				C6B613782466C81D009529E1 /* waitIndicatorGraphic-29@2x.png */,
			);
			path = Resources;
			sourceTree = "<group>";
		};
/* End PBXGroup section */

/* Begin PBXNativeTarget section */
		C694902523D994F4008E4031 /* Sarrafi */ = {
			isa = PBXNativeTarget;
			buildConfigurationList = C694903A23D994F6008E4031 /* Build configuration list for PBXNativeTarget "Sarrafi" */;
			buildPhases = (
				C694902223D994F4008E4031 /* Sources */,
				C694902323D994F4008E4031 /* Frameworks */,
				C694902423D994F4008E4031 /* Resources */,
				C6A1AFDE24653D7C00731CCA /* Embed Watch Content */,
			);
			buildRules = (
			);
			dependencies = (
				C6A1AFDC24653D7C00731CCA /* PBXTargetDependency */,
			);
			name = Sarrafi;
			packageProductDependencies = (
				C6C381DB24445081001F6289 /* Alamofire */,
				C610DF3F244C93A3005B250E /* Charts */,
				C610DF45244C965A005B250E /* Lottie */,
				C66F4890244CCB2200C19912 /* MBProgressHUD */,
				C67C0F61244CE2E700CD01C7 /* UICircularProgressRing */,
				C6279EA92454156E00610AF6 /* WhatsNewKit */,
			);
			productName = Sarrafi;
			productReference = C694902623D994F4008E4031 /* Sarrafi.app */;
			productType = "com.apple.product-type.application";
		};
		C6A1AFC224653D7900731CCA /* Sarrafi Watchkit App */ = {
			isa = PBXNativeTarget;
			buildConfigurationList = C6A1AFE524653D7C00731CCA /* Build configuration list for PBXNativeTarget "Sarrafi Watchkit App" */;
			buildPhases = (
				C6A1AFC124653D7900731CCA /* Resources */,
				C6A1AFE124653D7C00731CCA /* Embed App Extensions */,
			);
			buildRules = (
			);
			dependencies = (
				C6A1AFD224653D7B00731CCA /* PBXTargetDependency */,
			);
			name = "Sarrafi Watchkit App";
			productName = "Sarrafi Watchkit App";
			productReference = C6A1AFC324653D7900731CCA /* Sarrafi Watchkit App.app */;
			productType = "com.apple.product-type.application.watchapp2";
		};
		C6A1AFCE24653D7B00731CCA /* Sarrafi Watchkit App Extension */ = {
			isa = PBXNativeTarget;
			buildConfigurationList = C6A1AFE424653D7C00731CCA /* Build configuration list for PBXNativeTarget "Sarrafi Watchkit App Extension" */;
			buildPhases = (
				C6A1AFCB24653D7B00731CCA /* Sources */,
				C6A1AFCC24653D7B00731CCA /* Frameworks */,
				C6A1AFCD24653D7B00731CCA /* Resources */,
			);
			buildRules = (
			);
			dependencies = (
			);
			name = "Sarrafi Watchkit App Extension";
			packageProductDependencies = (
				C6A1AFF324655AFA00731CCA /* Alamofire */,
			);
			productName = "Sarrafi Watchkit App Extension";
			productReference = C6A1AFCF24653D7B00731CCA /* Sarrafi Watchkit App Extension.appex */;
			productType = "com.apple.product-type.watchkit2-extension";
		};
/* End PBXNativeTarget section */

/* Begin PBXProject section */
		C694901E23D994F4008E4031 /* Project object */ = {
			isa = PBXProject;
			attributes = {
				LastSwiftUpdateCheck = 1140;
				LastUpgradeCheck = 1130;
				ORGANIZATIONNAME = shalchian;
				TargetAttributes = {
					C694902523D994F4008E4031 = {
						CreatedOnToolsVersion = 11.3;
					};
					C6A1AFC224653D7900731CCA = {
						CreatedOnToolsVersion = 11.4.1;
					};
					C6A1AFCE24653D7B00731CCA = {
						CreatedOnToolsVersion = 11.4.1;
					};
				};
			};
			buildConfigurationList = C694902123D994F4008E4031 /* Build configuration list for PBXProject "Sarrafi" */;
			compatibilityVersion = "Xcode 9.3";
			developmentRegion = en;
			hasScannedForEncodings = 0;
			knownRegions = (
				en,
				Base,
			);
			mainGroup = C694901D23D994F4008E4031;
			packageReferences = (
				C6C381DA24445081001F6289 /* XCRemoteSwiftPackageReference "Alamofire" */,
				C610DF3E244C93A3005B250E /* XCRemoteSwiftPackageReference "Charts" */,
				C610DF44244C965A005B250E /* XCRemoteSwiftPackageReference "lottie-ios" */,
				C66F488F244CCB2200C19912 /* XCRemoteSwiftPackageReference "MBProgressHUD" */,
				C67C0F60244CE2E700CD01C7 /* XCRemoteSwiftPackageReference "UICircularProgressRing" */,
				C6279EA82454156E00610AF6 /* XCRemoteSwiftPackageReference "WhatsNewKit" */,
			);
			productRefGroup = C694902723D994F4008E4031 /* Products */;
			projectDirPath = "";
			projectRoot = "";
			targets = (
				C694902523D994F4008E4031 /* Sarrafi */,
				C6A1AFC224653D7900731CCA /* Sarrafi Watchkit App */,
				C6A1AFCE24653D7B00731CCA /* Sarrafi Watchkit App Extension */,
			);
		};
/* End PBXProject section */

/* Begin PBXResourcesBuildPhase section */
		C694902423D994F4008E4031 /* Resources */ = {
			isa = PBXResourcesBuildPhase;
			buildActionMask = 2147483647;
			files = (
				C694903623D994F6008E4031 /* LaunchScreen.storyboard in Resources */,
				C66F488C244C9AD800C19912 /* no_internet_connection.json in Resources */,
				C694903323D994F6008E4031 /* Assets.xcassets in Resources */,
				C694908723DA0697008E4031 /* Shabnam-Thin-FD.ttf in Resources */,
				C694908923DA0697008E4031 /* Shabnam-FD.ttf in Resources */,
				C694908223DA066E008E4031 /* Shabnam-Bold-FD.ttf in Resources */,
				C66F488A244C9A7F00C19912 /* loading_animation.json in Resources */,
				C694908823DA0697008E4031 /* Shabnam-Medium-FD.ttf in Resources */,
				C694908A23DA0697008E4031 /* Shabnam-Light-FD.ttf in Resources */,
				C694903123D994F4008E4031 /* Main.storyboard in Resources */,
			);
			runOnlyForDeploymentPostprocessing = 0;
		};
		C6A1AFC124653D7900731CCA /* Resources */ = {
			isa = PBXResourcesBuildPhase;
			buildActionMask = 2147483647;
			files = (
				C6A1AFC924653D7B00731CCA /* Assets.xcassets in Resources */,
				C6A1AFC724653D7900731CCA /* Interface.storyboard in Resources */,
			);
			runOnlyForDeploymentPostprocessing = 0;
		};
		C6A1AFCD24653D7B00731CCA /* Resources */ = {
			isa = PBXResourcesBuildPhase;
			buildActionMask = 2147483647;
			files = (
				C6B6139D2466C820009529E1 /* waitIndicatorGraphic-2@2x.png in Resources */,
				C6A1AFED2465560D00731CCA /* Shabnam-Thin-FD.ttf in Resources */,
				C6B613A42466C820009529E1 /* waitIndicatorGraphic-19@2x.png in Resources */,
				C6B6138C2466C820009529E1 /* waitIndicatorGraphic-18@2x.png in Resources */,
				C6B613982466C820009529E1 /* waitIndicatorGraphic-11@2x.png in Resources */,
				C6B6139A2466C820009529E1 /* waitIndicatorGraphic-0@2x.png in Resources */,
				C6B613912466C820009529E1 /* waitIndicatorGraphic-3@2x.png in Resources */,
				C6B6139E2466C820009529E1 /* waitIndicatorGraphic-20@2x.png in Resources */,
				C6B6138F2466C820009529E1 /* waitIndicatorGraphic-13@2x.png in Resources */,
				C6B6138D2466C820009529E1 /* waitIndicatorGraphic-16@2x.png in Resources */,
				C6B6139B2466C820009529E1 /* waitIndicatorGraphic-15@2x.png in Resources */,
				C6B613902466C820009529E1 /* waitIndicatorGraphic-17@2x.png in Resources */,
				C6B613A02466C820009529E1 /* waitIndicatorGraphic-21@2x.png in Resources */,
				C6B613922466C820009529E1 /* waitIndicatorGraphic-5@2x.png in Resources */,
				C6B613962466C820009529E1 /* waitIndicatorGraphic-29@2x.png in Resources */,
				C6B613A52466C820009529E1 /* waitIndicatorGraphic-6@2x.png in Resources */,
				C6A1AFD924653D7C00731CCA /* Assets.xcassets in Resources */,
				C6B613A72466C820009529E1 /* waitIndicatorGraphic-28@2x.png in Resources */,
				C6B613A62466C820009529E1 /* waitIndicatorGraphic-4@2x.png in Resources */,
				C6B613992466C820009529E1 /* waitIndicatorGraphic-12@2x.png in Resources */,
				C6A1AFF12465560D00731CCA /* Shabnam-Bold-FD.ttf in Resources */,
				C6A1AFEE2465560D00731CCA /* Shabnam-Light-FD.ttf in Resources */,
				C6A1AFEF2465560D00731CCA /* Shabnam-FD.ttf in Resources */,
				C6B613A32466C820009529E1 /* waitIndicatorGraphic-9@2x.png in Resources */,
				C6B613A12466C820009529E1 /* waitIndicatorGraphic-24@2x.png in Resources */,
				C6B613A22466C820009529E1 /* waitIndicatorGraphic-26@2x.png in Resources */,
				C6B6139C2466C820009529E1 /* waitIndicatorGraphic-1@2x.png in Resources */,
				C6B613A82466C820009529E1 /* waitIndicatorGraphic-25@2x.png in Resources */,
				C6B613972466C820009529E1 /* waitIndicatorGraphic-7@2x.png in Resources */,
				C6A1AFF02465560D00731CCA /* Shabnam-Medium-FD.ttf in Resources */,
				C6B613952466C820009529E1 /* waitIndicatorGraphic-23@2x.png in Resources */,
				C6B6138B2466C820009529E1 /* waitIndicatorGraphic-8@2x.png in Resources */,
				C6B613942466C820009529E1 /* waitIndicatorGraphic-14@2x.png in Resources */,
				C6B6138E2466C820009529E1 /* waitIndicatorGraphic-27@2x.png in Resources */,
				C6B6139F2466C820009529E1 /* waitIndicatorGraphic-22@2x.png in Resources */,
				C6B613932466C820009529E1 /* waitIndicatorGraphic-10@2x.png in Resources */,
			);
			runOnlyForDeploymentPostprocessing = 0;
		};
/* End PBXResourcesBuildPhase section */

/* Begin PBXSourcesBuildPhase section */
		C694902223D994F4008E4031 /* Sources */ = {
			isa = PBXSourcesBuildPhase;
			buildActionMask = 2147483647;
			files = (
				C62B700423DAFFBD00BC4E1F /* CurrencyModel.swift in Sources */,
				C6A1B00324658F6D00731CCA /* CurrencyListResponse.swift in Sources */,
				C61743E6244C43220085E2B2 /* NavigationController.swift in Sources */,
				C6279EAE2454179E00610AF6 /* WhatsNew.swift in Sources */,
				C6A1B0072465932C00731CCA /* NetworkingError.swift in Sources */,
				C6A1AFFD24658F1B00731CCA /* CurrencyService.swift in Sources */,
				C6B3C6242451D0430063C195 /* BallonMarker.swift in Sources */,
				C67B9730244B9B00002E37F2 /* MainController.swift in Sources */,
				C694908E23DA136D008E4031 /* CardView.swift in Sources */,
				C6757075244F8BEA00999245 /* ChartModel.swift in Sources */,
				C694909323DA1774008E4031 /* CurrencyCell.swift in Sources */,
				C694908C23DA12B3008E4031 /* Helper.swift in Sources */,
				C66F488E244CA5D400C19912 /* Reachability.swift in Sources */,
				C6B7AB17244D7E650097E3EA /* DetailController.swift in Sources */,
				C694902A23D994F4008E4031 /* AppDelegate.swift in Sources */,
			);
			runOnlyForDeploymentPostprocessing = 0;
		};
		C6A1AFCB24653D7B00731CCA /* Sources */ = {
			isa = PBXSourcesBuildPhase;
			buildActionMask = 2147483647;
			files = (
				C68C5BE32465EB3900CB9877 /* DetailController.swift in Sources */,
				C6A1B00024658F3E00731CCA /* CurrencyModel.swift in Sources */,
				C6A1AFFE24658F1B00731CCA /* CurrencyService.swift in Sources */,
				C6A1AFE72465507A00731CCA /* CurrencyRow.swift in Sources */,
				C6A1B0082465932C00731CCA /* NetworkingError.swift in Sources */,
				C6B6136A2466C7FD009529E1 /* EMTLoadingIndicator.swift in Sources */,
				C6B6136B2466C7FD009529E1 /* EMTTimer.swift in Sources */,
				C6A1B00424658F6D00731CCA /* CurrencyListResponse.swift in Sources */,
				C6A1AFD724653D7C00731CCA /* ExtensionDelegate.swift in Sources */,
				C6A1AFD524653D7C00731CCA /* CurrencyController.swift in Sources */,
			);
			runOnlyForDeploymentPostprocessing = 0;
		};
/* End PBXSourcesBuildPhase section */

/* Begin PBXTargetDependency section */
		C6A1AFD224653D7B00731CCA /* PBXTargetDependency */ = {
			isa = PBXTargetDependency;
			target = C6A1AFCE24653D7B00731CCA /* Sarrafi Watchkit App Extension */;
			targetProxy = C6A1AFD124653D7B00731CCA /* PBXContainerItemProxy */;
		};
		C6A1AFDC24653D7C00731CCA /* PBXTargetDependency */ = {
			isa = PBXTargetDependency;
			target = C6A1AFC224653D7900731CCA /* Sarrafi Watchkit App */;
			targetProxy = C6A1AFDB24653D7C00731CCA /* PBXContainerItemProxy */;
		};
/* End PBXTargetDependency section */

/* Begin PBXVariantGroup section */
		C694902F23D994F4008E4031 /* Main.storyboard */ = {
			isa = PBXVariantGroup;
			children = (
				C694903023D994F4008E4031 /* Base */,
			);
			name = Main.storyboard;
			sourceTree = "<group>";
		};
		C694903423D994F6008E4031 /* LaunchScreen.storyboard */ = {
			isa = PBXVariantGroup;
			children = (
				C694903523D994F6008E4031 /* Base */,
			);
			name = LaunchScreen.storyboard;
			sourceTree = "<group>";
		};
		C6A1AFC524653D7900731CCA /* Interface.storyboard */ = {
			isa = PBXVariantGroup;
			children = (
				C6A1AFC624653D7900731CCA /* Base */,
			);
			name = Interface.storyboard;
			sourceTree = "<group>";
		};
/* End PBXVariantGroup section */

/* Begin XCBuildConfiguration section */
		C694903823D994F6008E4031 /* Debug */ = {
			isa = XCBuildConfiguration;
			buildSettings = {
				ALWAYS_SEARCH_USER_PATHS = NO;
				CLANG_ANALYZER_NONNULL = YES;
				CLANG_ANALYZER_NUMBER_OBJECT_CONVERSION = YES_AGGRESSIVE;
				CLANG_CXX_LANGUAGE_STANDARD = "gnu++14";
				CLANG_CXX_LIBRARY = "libc++";
				CLANG_ENABLE_MODULES = YES;
				CLANG_ENABLE_OBJC_ARC = YES;
				CLANG_ENABLE_OBJC_WEAK = YES;
				CLANG_WARN_BLOCK_CAPTURE_AUTORELEASING = YES;
				CLANG_WARN_BOOL_CONVERSION = YES;
				CLANG_WARN_COMMA = YES;
				CLANG_WARN_CONSTANT_CONVERSION = YES;
				CLANG_WARN_DEPRECATED_OBJC_IMPLEMENTATIONS = YES;
				CLANG_WARN_DIRECT_OBJC_ISA_USAGE = YES_ERROR;
				CLANG_WARN_DOCUMENTATION_COMMENTS = YES;
				CLANG_WARN_EMPTY_BODY = YES;
				CLANG_WARN_ENUM_CONVERSION = YES;
				CLANG_WARN_INFINITE_RECURSION = YES;
				CLANG_WARN_INT_CONVERSION = YES;
				CLANG_WARN_NON_LITERAL_NULL_CONVERSION = YES;
				CLANG_WARN_OBJC_IMPLICIT_RETAIN_SELF = YES;
				CLANG_WARN_OBJC_LITERAL_CONVERSION = YES;
				CLANG_WARN_OBJC_ROOT_CLASS = YES_ERROR;
				CLANG_WARN_RANGE_LOOP_ANALYSIS = YES;
				CLANG_WARN_STRICT_PROTOTYPES = YES;
				CLANG_WARN_SUSPICIOUS_MOVE = YES;
				CLANG_WARN_UNGUARDED_AVAILABILITY = YES_AGGRESSIVE;
				CLANG_WARN_UNREACHABLE_CODE = YES;
				CLANG_WARN__DUPLICATE_METHOD_MATCH = YES;
				COPY_PHASE_STRIP = NO;
				DEBUG_INFORMATION_FORMAT = dwarf;
				ENABLE_STRICT_OBJC_MSGSEND = YES;
				ENABLE_TESTABILITY = YES;
				GCC_C_LANGUAGE_STANDARD = gnu11;
				GCC_DYNAMIC_NO_PIC = NO;
				GCC_NO_COMMON_BLOCKS = YES;
				GCC_OPTIMIZATION_LEVEL = 0;
				GCC_PREPROCESSOR_DEFINITIONS = (
					"DEBUG=1",
					"$(inherited)",
				);
				GCC_WARN_64_TO_32_BIT_CONVERSION = YES;
				GCC_WARN_ABOUT_RETURN_TYPE = YES_ERROR;
				GCC_WARN_UNDECLARED_SELECTOR = YES;
				GCC_WARN_UNINITIALIZED_AUTOS = YES_AGGRESSIVE;
				GCC_WARN_UNUSED_FUNCTION = YES;
				GCC_WARN_UNUSED_VARIABLE = YES;
				IPHONEOS_DEPLOYMENT_TARGET = 13.4;
				MTL_ENABLE_DEBUG_INFO = INCLUDE_SOURCE;
				MTL_FAST_MATH = YES;
				ONLY_ACTIVE_ARCH = YES;
				SDKROOT = iphoneos;
				SWIFT_ACTIVE_COMPILATION_CONDITIONS = DEBUG;
				SWIFT_OPTIMIZATION_LEVEL = "-Onone";
			};
			name = Debug;
		};
		C694903923D994F6008E4031 /* Release */ = {
			isa = XCBuildConfiguration;
			buildSettings = {
				ALWAYS_SEARCH_USER_PATHS = NO;
				CLANG_ANALYZER_NONNULL = YES;
				CLANG_ANALYZER_NUMBER_OBJECT_CONVERSION = YES_AGGRESSIVE;
				CLANG_CXX_LANGUAGE_STANDARD = "gnu++14";
				CLANG_CXX_LIBRARY = "libc++";
				CLANG_ENABLE_MODULES = YES;
				CLANG_ENABLE_OBJC_ARC = YES;
				CLANG_ENABLE_OBJC_WEAK = YES;
				CLANG_WARN_BLOCK_CAPTURE_AUTORELEASING = YES;
				CLANG_WARN_BOOL_CONVERSION = YES;
				CLANG_WARN_COMMA = YES;
				CLANG_WARN_CONSTANT_CONVERSION = YES;
				CLANG_WARN_DEPRECATED_OBJC_IMPLEMENTATIONS = YES;
				CLANG_WARN_DIRECT_OBJC_ISA_USAGE = YES_ERROR;
				CLANG_WARN_DOCUMENTATION_COMMENTS = YES;
				CLANG_WARN_EMPTY_BODY = YES;
				CLANG_WARN_ENUM_CONVERSION = YES;
				CLANG_WARN_INFINITE_RECURSION = YES;
				CLANG_WARN_INT_CONVERSION = YES;
				CLANG_WARN_NON_LITERAL_NULL_CONVERSION = YES;
				CLANG_WARN_OBJC_IMPLICIT_RETAIN_SELF = YES;
				CLANG_WARN_OBJC_LITERAL_CONVERSION = YES;
				CLANG_WARN_OBJC_ROOT_CLASS = YES_ERROR;
				CLANG_WARN_RANGE_LOOP_ANALYSIS = YES;
				CLANG_WARN_STRICT_PROTOTYPES = YES;
				CLANG_WARN_SUSPICIOUS_MOVE = YES;
				CLANG_WARN_UNGUARDED_AVAILABILITY = YES_AGGRESSIVE;
				CLANG_WARN_UNREACHABLE_CODE = YES;
				CLANG_WARN__DUPLICATE_METHOD_MATCH = YES;
				COPY_PHASE_STRIP = NO;
				DEBUG_INFORMATION_FORMAT = "dwarf-with-dsym";
				ENABLE_NS_ASSERTIONS = NO;
				ENABLE_STRICT_OBJC_MSGSEND = YES;
				GCC_C_LANGUAGE_STANDARD = gnu11;
				GCC_NO_COMMON_BLOCKS = YES;
				GCC_WARN_64_TO_32_BIT_CONVERSION = YES;
				GCC_WARN_ABOUT_RETURN_TYPE = YES_ERROR;
				GCC_WARN_UNDECLARED_SELECTOR = YES;
				GCC_WARN_UNINITIALIZED_AUTOS = YES_AGGRESSIVE;
				GCC_WARN_UNUSED_FUNCTION = YES;
				GCC_WARN_UNUSED_VARIABLE = YES;
				IPHONEOS_DEPLOYMENT_TARGET = 13.4;
				MTL_ENABLE_DEBUG_INFO = NO;
				MTL_FAST_MATH = YES;
				SDKROOT = iphoneos;
				SWIFT_COMPILATION_MODE = wholemodule;
				SWIFT_OPTIMIZATION_LEVEL = "-O";
				VALIDATE_PRODUCT = YES;
			};
			name = Release;
		};
		C694903B23D994F6008E4031 /* Debug */ = {
			isa = XCBuildConfiguration;
			buildSettings = {
				ASSETCATALOG_COMPILER_APPICON_NAME = AppIcon;
				CODE_SIGN_ENTITLEMENTS = Sarrafi/Sarrafi.entitlements;
				CODE_SIGN_STYLE = Automatic;
				DEVELOPMENT_TEAM = L4C26EK8EJ;
				INFOPLIST_FILE = Sarrafi/Info.plist;
				IPHONEOS_DEPLOYMENT_TARGET = 11.0;
				LD_RUNPATH_SEARCH_PATHS = (
					"$(inherited)",
					"@executable_path/Frameworks",
				);
				PRODUCT_BUNDLE_IDENTIFIER = shalchian.com.Sarrafi;
				PRODUCT_NAME = "$(TARGET_NAME)";
				SUPPORTS_MACCATALYST = YES;
				SWIFT_VERSION = 5.0;
				TARGETED_DEVICE_FAMILY = "1,2";
			};
			name = Debug;
		};
		C694903C23D994F6008E4031 /* Release */ = {
			isa = XCBuildConfiguration;
			buildSettings = {
				ASSETCATALOG_COMPILER_APPICON_NAME = AppIcon;
				CODE_SIGN_ENTITLEMENTS = Sarrafi/Sarrafi.entitlements;
				CODE_SIGN_STYLE = Automatic;
				DEVELOPMENT_TEAM = L4C26EK8EJ;
				INFOPLIST_FILE = Sarrafi/Info.plist;
				IPHONEOS_DEPLOYMENT_TARGET = 11.0;
				LD_RUNPATH_SEARCH_PATHS = (
					"$(inherited)",
					"@executable_path/Frameworks",
				);
				PRODUCT_BUNDLE_IDENTIFIER = shalchian.com.Sarrafi;
				PRODUCT_NAME = "$(TARGET_NAME)";
				SUPPORTS_MACCATALYST = YES;
				SWIFT_VERSION = 5.0;
				TARGETED_DEVICE_FAMILY = "1,2";
			};
			name = Release;
		};
		C6A1AFDF24653D7C00731CCA /* Debug */ = {
			isa = XCBuildConfiguration;
			buildSettings = {
				ALWAYS_EMBED_SWIFT_STANDARD_LIBRARIES = YES;
				ASSETCATALOG_COMPILER_APPICON_NAME = AppIcon;
				CODE_SIGN_STYLE = Automatic;
				DEVELOPMENT_TEAM = L4C26EK8EJ;
				IBSC_MODULE = Sarrafi_Watchkit_App_Extension;
				INFOPLIST_FILE = "Sarrafi Watchkit App/Info.plist";
				PRODUCT_BUNDLE_IDENTIFIER = shalchian.com.Sarrafi.watchkitapp;
				PRODUCT_NAME = "$(TARGET_NAME)";
				SDKROOT = watchos;
				SKIP_INSTALL = YES;
				SWIFT_VERSION = 5.0;
				TARGETED_DEVICE_FAMILY = 4;
				WATCHOS_DEPLOYMENT_TARGET = 6.2;
			};
			name = Debug;
		};
		C6A1AFE024653D7C00731CCA /* Release */ = {
			isa = XCBuildConfiguration;
			buildSettings = {
				ALWAYS_EMBED_SWIFT_STANDARD_LIBRARIES = YES;
				ASSETCATALOG_COMPILER_APPICON_NAME = AppIcon;
				CODE_SIGN_STYLE = Automatic;
				DEVELOPMENT_TEAM = L4C26EK8EJ;
				IBSC_MODULE = Sarrafi_Watchkit_App_Extension;
				INFOPLIST_FILE = "Sarrafi Watchkit App/Info.plist";
				PRODUCT_BUNDLE_IDENTIFIER = shalchian.com.Sarrafi.watchkitapp;
				PRODUCT_NAME = "$(TARGET_NAME)";
				SDKROOT = watchos;
				SKIP_INSTALL = YES;
				SWIFT_VERSION = 5.0;
				TARGETED_DEVICE_FAMILY = 4;
				WATCHOS_DEPLOYMENT_TARGET = 6.2;
			};
			name = Release;
		};
		C6A1AFE224653D7C00731CCA /* Debug */ = {
			isa = XCBuildConfiguration;
			buildSettings = {
				ASSETCATALOG_COMPILER_COMPLICATION_NAME = Complication;
				CODE_SIGN_STYLE = Automatic;
				DEVELOPMENT_TEAM = L4C26EK8EJ;
				INFOPLIST_FILE = "Sarrafi Watchkit App Extension/Info.plist";
				LD_RUNPATH_SEARCH_PATHS = (
					"$(inherited)",
					"@executable_path/Frameworks",
					"@executable_path/../../Frameworks",
				);
				PRODUCT_BUNDLE_IDENTIFIER = shalchian.com.Sarrafi.watchkitapp.watchkitextension;
				PRODUCT_NAME = "${TARGET_NAME}";
				SDKROOT = watchos;
				SKIP_INSTALL = YES;
				SWIFT_VERSION = 5.0;
				TARGETED_DEVICE_FAMILY = 4;
				WATCHOS_DEPLOYMENT_TARGET = 6.2;
			};
			name = Debug;
		};
		C6A1AFE324653D7C00731CCA /* Release */ = {
			isa = XCBuildConfiguration;
			buildSettings = {
				ASSETCATALOG_COMPILER_COMPLICATION_NAME = Complication;
				CODE_SIGN_STYLE = Automatic;
				DEVELOPMENT_TEAM = L4C26EK8EJ;
				INFOPLIST_FILE = "Sarrafi Watchkit App Extension/Info.plist";
				LD_RUNPATH_SEARCH_PATHS = (
					"$(inherited)",
					"@executable_path/Frameworks",
					"@executable_path/../../Frameworks",
				);
				PRODUCT_BUNDLE_IDENTIFIER = shalchian.com.Sarrafi.watchkitapp.watchkitextension;
				PRODUCT_NAME = "${TARGET_NAME}";
				SDKROOT = watchos;
				SKIP_INSTALL = YES;
				SWIFT_VERSION = 5.0;
				TARGETED_DEVICE_FAMILY = 4;
				WATCHOS_DEPLOYMENT_TARGET = 6.2;
			};
			name = Release;
		};
/* End XCBuildConfiguration section */

/* Begin XCConfigurationList section */
		C694902123D994F4008E4031 /* Build configuration list for PBXProject "Sarrafi" */ = {
			isa = XCConfigurationList;
			buildConfigurations = (
				C694903823D994F6008E4031 /* Debug */,
				C694903923D994F6008E4031 /* Release */,
			);
			defaultConfigurationIsVisible = 0;
			defaultConfigurationName = Release;
		};
		C694903A23D994F6008E4031 /* Build configuration list for PBXNativeTarget "Sarrafi" */ = {
			isa = XCConfigurationList;
			buildConfigurations = (
				C694903B23D994F6008E4031 /* Debug */,
				C694903C23D994F6008E4031 /* Release */,
			);
			defaultConfigurationIsVisible = 0;
			defaultConfigurationName = Release;
		};
		C6A1AFE424653D7C00731CCA /* Build configuration list for PBXNativeTarget "Sarrafi Watchkit App Extension" */ = {
			isa = XCConfigurationList;
			buildConfigurations = (
				C6A1AFE224653D7C00731CCA /* Debug */,
				C6A1AFE324653D7C00731CCA /* Release */,
			);
			defaultConfigurationIsVisible = 0;
			defaultConfigurationName = Release;
		};
		C6A1AFE524653D7C00731CCA /* Build configuration list for PBXNativeTarget "Sarrafi Watchkit App" */ = {
			isa = XCConfigurationList;
			buildConfigurations = (
				C6A1AFDF24653D7C00731CCA /* Debug */,
				C6A1AFE024653D7C00731CCA /* Release */,
			);
			defaultConfigurationIsVisible = 0;
			defaultConfigurationName = Release;
		};
/* End XCConfigurationList section */

/* Begin XCRemoteSwiftPackageReference section */
		C610DF3E244C93A3005B250E /* XCRemoteSwiftPackageReference "Charts" */ = {
			isa = XCRemoteSwiftPackageReference;
			repositoryURL = "https://github.com/danielgindi/Charts";
			requirement = {
				kind = upToNextMajorVersion;
				minimumVersion = 3.5.0;
			};
		};
		C610DF44244C965A005B250E /* XCRemoteSwiftPackageReference "lottie-ios" */ = {
			isa = XCRemoteSwiftPackageReference;
			repositoryURL = "https://github.com/airbnb/lottie-ios";
			requirement = {
				kind = upToNextMajorVersion;
				minimumVersion = 3.1.6;
			};
		};
		C6279EA82454156E00610AF6 /* XCRemoteSwiftPackageReference "WhatsNewKit" */ = {
			isa = XCRemoteSwiftPackageReference;
			repositoryURL = "https://github.com/SvenTiigi/WhatsNewKit.git";
			requirement = {
				kind = upToNextMajorVersion;
				minimumVersion = 1.3.2;
			};
		};
		C66F488F244CCB2200C19912 /* XCRemoteSwiftPackageReference "MBProgressHUD" */ = {
			isa = XCRemoteSwiftPackageReference;
			repositoryURL = "https://github.com/jdg/MBProgressHUD";
			requirement = {
				kind = upToNextMajorVersion;
				minimumVersion = 1.2.0;
			};
		};
		C67C0F60244CE2E700CD01C7 /* XCRemoteSwiftPackageReference "UICircularProgressRing" */ = {
			isa = XCRemoteSwiftPackageReference;
			repositoryURL = "https://github.com/luispadron/UICircularProgressRing";
			requirement = {
				kind = upToNextMajorVersion;
				minimumVersion = 6.5.0;
			};
		};
		C6C381DA24445081001F6289 /* XCRemoteSwiftPackageReference "Alamofire" */ = {
			isa = XCRemoteSwiftPackageReference;
			repositoryURL = "https://github.com/Alamofire/Alamofire.git";
			requirement = {
				kind = upToNextMajorVersion;
				minimumVersion = 5.1.0;
			};
		};
/* End XCRemoteSwiftPackageReference section */

/* Begin XCSwiftPackageProductDependency section */
		C610DF3F244C93A3005B250E /* Charts */ = {
			isa = XCSwiftPackageProductDependency;
			package = C610DF3E244C93A3005B250E /* XCRemoteSwiftPackageReference "Charts" */;
			productName = Charts;
		};
		C610DF45244C965A005B250E /* Lottie */ = {
			isa = XCSwiftPackageProductDependency;
			package = C610DF44244C965A005B250E /* XCRemoteSwiftPackageReference "lottie-ios" */;
			productName = Lottie;
		};
		C6279EA92454156E00610AF6 /* WhatsNewKit */ = {
			isa = XCSwiftPackageProductDependency;
			package = C6279EA82454156E00610AF6 /* XCRemoteSwiftPackageReference "WhatsNewKit" */;
			productName = WhatsNewKit;
		};
		C66F4890244CCB2200C19912 /* MBProgressHUD */ = {
			isa = XCSwiftPackageProductDependency;
			package = C66F488F244CCB2200C19912 /* XCRemoteSwiftPackageReference "MBProgressHUD" */;
			productName = MBProgressHUD;
		};
		C67C0F61244CE2E700CD01C7 /* UICircularProgressRing */ = {
			isa = XCSwiftPackageProductDependency;
			package = C67C0F60244CE2E700CD01C7 /* XCRemoteSwiftPackageReference "UICircularProgressRing" */;
			productName = UICircularProgressRing;
		};
		C6A1AFF324655AFA00731CCA /* Alamofire */ = {
			isa = XCSwiftPackageProductDependency;
			package = C6C381DA24445081001F6289 /* XCRemoteSwiftPackageReference "Alamofire" */;
			productName = Alamofire;
		};
		C6C381DB24445081001F6289 /* Alamofire */ = {
			isa = XCSwiftPackageProductDependency;
			package = C6C381DA24445081001F6289 /* XCRemoteSwiftPackageReference "Alamofire" */;
			productName = Alamofire;
		};
/* End XCSwiftPackageProductDependency section */
	};
	rootObject = C694901E23D994F4008E4031 /* Project object */;
}
